// !$*UTF8*$!
{
	archiveVersion = 1;
	classes = {
	};
	objectVersion = 50;
	objects = {

/* Begin PBXBuildFile section */
		5708171C212603DA00D1E0E4 /* SettingsState.swift in Sources */ = {isa = PBXBuildFile; fileRef = 5708171B212603DA00D1E0E4 /* SettingsState.swift */; };
		57164E4B2101040100F4E76F /* AppDelegate.swift in Sources */ = {isa = PBXBuildFile; fileRef = 57164E4A2101040100F4E76F /* AppDelegate.swift */; };
		57164E4D2101040100F4E76F /* ViewController.swift in Sources */ = {isa = PBXBuildFile; fileRef = 57164E4C2101040100F4E76F /* ViewController.swift */; };
		57164E502101040100F4E76F /* Main.storyboard in Resources */ = {isa = PBXBuildFile; fileRef = 57164E4E2101040100F4E76F /* Main.storyboard */; };
		57164E522101040200F4E76F /* Assets.xcassets in Resources */ = {isa = PBXBuildFile; fileRef = 57164E512101040200F4E76F /* Assets.xcassets */; };
		57164E552101040200F4E76F /* LaunchScreen.storyboard in Resources */ = {isa = PBXBuildFile; fileRef = 57164E532101040200F4E76F /* LaunchScreen.storyboard */; };
		57164E5D2101045400F4E76F /* Podfile in Resources */ = {isa = PBXBuildFile; fileRef = 57164E5C2101045400F4E76F /* Podfile */; };
		571B8D61210FB23B00B5C4A7 /* nmg_ios_redux_stateTests.swift in Sources */ = {isa = PBXBuildFile; fileRef = 571B8D60210FB23B00B5C4A7 /* nmg_ios_redux_stateTests.swift */; };
		57262AA72126052A00F83CF7 /* PortfolioState.swift in Sources */ = {isa = PBXBuildFile; fileRef = 57262AA62126052A00F83CF7 /* PortfolioState.swift */; };
		57262AA92126053B00F83CF7 /* NotificationState.swift in Sources */ = {isa = PBXBuildFile; fileRef = 57262AA82126053B00F83CF7 /* NotificationState.swift */; };
		57326B332107B3E500649323 /* EventEventActions.swift in Sources */ = {isa = PBXBuildFile; fileRef = 57326B322107B3E500649323 /* EventEventActions.swift */; };
		57326B352107B54500649323 /* FinancialActions.swift in Sources */ = {isa = PBXBuildFile; fileRef = 57326B342107B54500649323 /* FinancialActions.swift */; };
		57326B372107BCEF00649323 /* AccountState.swift in Sources */ = {isa = PBXBuildFile; fileRef = 57326B362107BCEF00649323 /* AccountState.swift */; };
		57326B3C2107EAD900649323 /* TeamPrices.swift in Sources */ = {isa = PBXBuildFile; fileRef = 57326B392107EAD900649323 /* TeamPrices.swift */; };
		57326B402107EB1700649323 /* PricesState.swift in Sources */ = {isa = PBXBuildFile; fileRef = 57326B3F2107EB1700649323 /* PricesState.swift */; };
		57326B422107EDD800649323 /* TickerSettings.swift in Sources */ = {isa = PBXBuildFile; fileRef = 57326B412107EDD800649323 /* TickerSettings.swift */; };
		57326B442107F70300649323 /* NotificationAction.swift in Sources */ = {isa = PBXBuildFile; fileRef = 57326B432107F70300649323 /* NotificationAction.swift */; };
		57326B4C21097E0A00649323 /* RDXTypeAliases.swift in Sources */ = {isa = PBXBuildFile; fileRef = 57326B4B21097E0A00649323 /* RDXTypeAliases.swift */; };
		574642EB210660F400FBAE49 /* CurrentEventState.swift in Sources */ = {isa = PBXBuildFile; fileRef = 574642EA210660F400FBAE49 /* CurrentEventState.swift */; };
		57474083210ADF2F00B24EAA /* APIHelper.swift in Sources */ = {isa = PBXBuildFile; fileRef = 57474042210ADF2F00B24EAA /* APIHelper.swift */; };
		57474084210ADF2F00B24EAA /* AlamofireImplementations.swift in Sources */ = {isa = PBXBuildFile; fileRef = 57474043210ADF2F00B24EAA /* AlamofireImplementations.swift */; };
		57474085210ADF2F00B24EAA /* UserAPI.swift in Sources */ = {isa = PBXBuildFile; fileRef = 57474045210ADF2F00B24EAA /* UserAPI.swift */; };
		57474086210ADF2F00B24EAA /* AuthAPI.swift in Sources */ = {isa = PBXBuildFile; fileRef = 57474046210ADF2F00B24EAA /* AuthAPI.swift */; };
		57474087210ADF2F00B24EAA /* PrefsAPI.swift in Sources */ = {isa = PBXBuildFile; fileRef = 57474047210ADF2F00B24EAA /* PrefsAPI.swift */; };
		57474088210ADF2F00B24EAA /* AccountAPI.swift in Sources */ = {isa = PBXBuildFile; fileRef = 57474048210ADF2F00B24EAA /* AccountAPI.swift */; };
		57474089210ADF2F00B24EAA /* NewsAPI.swift in Sources */ = {isa = PBXBuildFile; fileRef = 57474049210ADF2F00B24EAA /* NewsAPI.swift */; };
		5747408A210ADF2F00B24EAA /* PortfolioAPI.swift in Sources */ = {isa = PBXBuildFile; fileRef = 5747404A210ADF2F00B24EAA /* PortfolioAPI.swift */; };
		5747408B210ADF2F00B24EAA /* OrdersAPI.swift in Sources */ = {isa = PBXBuildFile; fileRef = 5747404B210ADF2F00B24EAA /* OrdersAPI.swift */; };
		5747408C210ADF2F00B24EAA /* CodableHelper.swift in Sources */ = {isa = PBXBuildFile; fileRef = 5747404C210ADF2F00B24EAA /* CodableHelper.swift */; };
		5747408D210ADF2F00B24EAA /* JSONEncodableEncoding.swift in Sources */ = {isa = PBXBuildFile; fileRef = 5747404D210ADF2F00B24EAA /* JSONEncodableEncoding.swift */; };
		5747408E210ADF2F00B24EAA /* APIs.swift in Sources */ = {isa = PBXBuildFile; fileRef = 5747404E210ADF2F00B24EAA /* APIs.swift */; };
		5747408F210ADF2F00B24EAA /* SummarymsgResponseBody.swift in Sources */ = {isa = PBXBuildFile; fileRef = 57474050210ADF2F00B24EAA /* SummarymsgResponseBody.swift */; };
		57474090210ADF2F00B24EAA /* DeleteInternalErrorResponseBody.swift in Sources */ = {isa = PBXBuildFile; fileRef = 57474051210ADF2F00B24EAA /* DeleteInternalErrorResponseBody.swift */; };
		57474091210ADF2F00B24EAA /* AddResponseBody.swift in Sources */ = {isa = PBXBuildFile; fileRef = 57474052210ADF2F00B24EAA /* AddResponseBody.swift */; };
		57474092210ADF2F00B24EAA /* ListRequestBody.swift in Sources */ = {isa = PBXBuildFile; fileRef = 57474053210ADF2F00B24EAA /* ListRequestBody.swift */; };
		57474093210ADF2F00B24EAA /* WithdrawFundsInternalErrorResponseBody.swift in Sources */ = {isa = PBXBuildFile; fileRef = 57474054210ADF2F00B24EAA /* WithdrawFundsInternalErrorResponseBody.swift */; };
		57474094210ADF2F00B24EAA /* AddRequestBody.swift in Sources */ = {isa = PBXBuildFile; fileRef = 57474055210ADF2F00B24EAA /* AddRequestBody.swift */; };
		57474095210ADF2F00B24EAA /* BasicResponseBody.swift in Sources */ = {isa = PBXBuildFile; fileRef = 57474056210ADF2F00B24EAA /* BasicResponseBody.swift */; };
		57474096210ADF2F00B24EAA /* PortfolioHoldingResultMsgResponseBodyCollection.swift in Sources */ = {isa = PBXBuildFile; fileRef = 57474057210ADF2F00B24EAA /* PortfolioHoldingResultMsgResponseBodyCollection.swift */; };
		57474097210ADF2F00B24EAA /* SummaryRequestBody.swift in Sources */ = {isa = PBXBuildFile; fileRef = 57474058210ADF2F00B24EAA /* SummaryRequestBody.swift */; };
		57474098210ADF2F00B24EAA /* DepositFundsResponseBody.swift in Sources */ = {isa = PBXBuildFile; fileRef = 57474059210ADF2F00B24EAA /* DepositFundsResponseBody.swift */; };
		57474099210ADF2F00B24EAA /* FundsXferScheduleRequestBody.swift in Sources */ = {isa = PBXBuildFile; fileRef = 5747405A210ADF2F00B24EAA /* FundsXferScheduleRequestBody.swift */; };
		5747409A210ADF2F00B24EAA /* SubmitInternalErrorResponseBody.swift in Sources */ = {isa = PBXBuildFile; fileRef = 5747405B210ADF2F00B24EAA /* SubmitInternalErrorResponseBody.swift */; };
		5747409B210ADF2F00B24EAA /* SubmitResponseBody.swift in Sources */ = {isa = PBXBuildFile; fileRef = 5747405C210ADF2F00B24EAA /* SubmitResponseBody.swift */; };
		5747409C210ADF2F00B24EAA /* UpdateRequestBody.swift in Sources */ = {isa = PBXBuildFile; fileRef = 5747405D210ADF2F00B24EAA /* UpdateRequestBody.swift */; };
		5747409D210ADF2F00B24EAA /* RedeemSharesInternalErrorResponseBody.swift in Sources */ = {isa = PBXBuildFile; fileRef = 5747405E210ADF2F00B24EAA /* RedeemSharesInternalErrorResponseBody.swift */; };
		5747409E210ADF2F00B24EAA /* RefreshResponseBody.swift in Sources */ = {isa = PBXBuildFile; fileRef = 5747405F210ADF2F00B24EAA /* RefreshResponseBody.swift */; };
		5747409F210ADF2F00B24EAA /* SummaryInternalErrorResponseBody.swift in Sources */ = {isa = PBXBuildFile; fileRef = 57474060210ADF2F00B24EAA /* SummaryInternalErrorResponseBody.swift */; };
		574740A0210ADF2F00B24EAA /* WithdrawFundsResponseBody.swift in Sources */ = {isa = PBXBuildFile; fileRef = 57474061210ADF2F00B24EAA /* WithdrawFundsResponseBody.swift */; };
		574740A1210ADF2F00B24EAA /* HistoryRequestBody.swift in Sources */ = {isa = PBXBuildFile; fileRef = 57474062210ADF2F00B24EAA /* HistoryRequestBody.swift */; };
		574740A2210ADF2F00B24EAA /* HistoryMsgResponseBodyCollection.swift in Sources */ = {isa = PBXBuildFile; fileRef = 57474063210ADF2F00B24EAA /* HistoryMsgResponseBodyCollection.swift */; };
		574740A3210ADF2F00B24EAA /* ListInternalErrorResponseBody.swift in Sources */ = {isa = PBXBuildFile; fileRef = 57474064210ADF2F00B24EAA /* ListInternalErrorResponseBody.swift */; };
		574740A4210ADF2F00B24EAA /* RefreshInternalErrorResponseBody.swift in Sources */ = {isa = PBXBuildFile; fileRef = 57474065210ADF2F00B24EAA /* RefreshInternalErrorResponseBody.swift */; };
		574740A5210ADF2F00B24EAA /* NewsResultsResponseBodyCollection.swift in Sources */ = {isa = PBXBuildFile; fileRef = 57474066210ADF2F00B24EAA /* NewsResultsResponseBodyCollection.swift */; };
		574740A6210ADF2F00B24EAA /* BasicInternalErrorResponseBody.swift in Sources */ = {isa = PBXBuildFile; fileRef = 57474067210ADF2F00B24EAA /* BasicInternalErrorResponseBody.swift */; };
		574740A7210ADF2F00B24EAA /* ListResponseBody.swift in Sources */ = {isa = PBXBuildFile; fileRef = 57474068210ADF2F00B24EAA /* ListResponseBody.swift */; };
		574740A8210ADF2F00B24EAA /* PositionsRequestBody.swift in Sources */ = {isa = PBXBuildFile; fileRef = 57474069210ADF2F00B24EAA /* PositionsRequestBody.swift */; };
		574740A9210ADF2F00B24EAA /* UpdateInternalErrorResponseBody.swift in Sources */ = {isa = PBXBuildFile; fileRef = 5747406A210ADF2F00B24EAA /* UpdateInternalErrorResponseBody.swift */; };
		574740AA210ADF2F00B24EAA /* CancelRequestBody.swift in Sources */ = {isa = PBXBuildFile; fileRef = 5747406B210ADF2F00B24EAA /* CancelRequestBody.swift */; };
		574740AB210ADF2F00B24EAA /* HistoryInternalErrorResponseBody.swift in Sources */ = {isa = PBXBuildFile; fileRef = 5747406C210ADF2F00B24EAA /* HistoryInternalErrorResponseBody.swift */; };
		574740AC210ADF2F00B24EAA /* PortfolioHoldingResultMsgResponseBody.swift in Sources */ = {isa = PBXBuildFile; fileRef = 5747406D210ADF2F00B24EAA /* PortfolioHoldingResultMsgResponseBody.swift */; };
		574740AD210ADF2F00B24EAA /* LoadInternalErrorResponseBody.swift in Sources */ = {isa = PBXBuildFile; fileRef = 5747406E210ADF2F00B24EAA /* LoadInternalErrorResponseBody.swift */; };
		574740AE210ADF2F00B24EAA /* SummarymsgResponseBodyCollection.swift in Sources */ = {isa = PBXBuildFile; fileRef = 5747406F210ADF2F00B24EAA /* SummarymsgResponseBodyCollection.swift */; };
		574740AF210ADF2F00B24EAA /* SubmitRequestBody.swift in Sources */ = {isa = PBXBuildFile; fileRef = 57474070210ADF2F00B24EAA /* SubmitRequestBody.swift */; };
		574740B0210ADF2F00B24EAA /* PositionsInternalErrorResponseBody.swift in Sources */ = {isa = PBXBuildFile; fileRef = 57474071210ADF2F00B24EAA /* PositionsInternalErrorResponseBody.swift */; };
		574740B1210ADF2F00B24EAA /* SummaryElementResponseBody.swift in Sources */ = {isa = PBXBuildFile; fileRef = 57474072210ADF2F00B24EAA /* SummaryElementResponseBody.swift */; };
		574740B2210ADF2F00B24EAA /* OrderResultsMsg.swift in Sources */ = {isa = PBXBuildFile; fileRef = 57474073210ADF2F00B24EAA /* OrderResultsMsg.swift */; };
		574740B3210ADF2F00B24EAA /* StorePushNotifyTokenInternalErrorResponseBody.swift in Sources */ = {isa = PBXBuildFile; fileRef = 57474074210ADF2F00B24EAA /* StorePushNotifyTokenInternalErrorResponseBody.swift */; };
		574740B4210ADF2F00B24EAA /* AddInternalErrorResponseBody.swift in Sources */ = {isa = PBXBuildFile; fileRef = 57474075210ADF2F00B24EAA /* AddInternalErrorResponseBody.swift */; };
		574740B5210ADF2F00B24EAA /* RedeemSharesRequestBody.swift in Sources */ = {isa = PBXBuildFile; fileRef = 57474076210ADF2F00B24EAA /* RedeemSharesRequestBody.swift */; };
		574740B6210ADF2F00B24EAA /* WithdrawFundsRequestBody.swift in Sources */ = {isa = PBXBuildFile; fileRef = 57474077210ADF2F00B24EAA /* WithdrawFundsRequestBody.swift */; };
		574740B7210ADF2F00B24EAA /* HistoryMsgResponseBody.swift in Sources */ = {isa = PBXBuildFile; fileRef = 57474078210ADF2F00B24EAA /* HistoryMsgResponseBody.swift */; };
		574740B8210ADF2F00B24EAA /* LoadResponseBody.swift in Sources */ = {isa = PBXBuildFile; fileRef = 57474079210ADF2F00B24EAA /* LoadResponseBody.swift */; };
		574740B9210ADF2F00B24EAA /* DepositFundsRequestBody.swift in Sources */ = {isa = PBXBuildFile; fileRef = 5747407A210ADF2F00B24EAA /* DepositFundsRequestBody.swift */; };
		574740BA210ADF2F00B24EAA /* JWTInternalErrorResponseBody.swift in Sources */ = {isa = PBXBuildFile; fileRef = 5747407B210ADF2F00B24EAA /* JWTInternalErrorResponseBody.swift */; };
		574740BB210ADF2F00B24EAA /* DepositFundsInternalErrorResponseBody.swift in Sources */ = {isa = PBXBuildFile; fileRef = 5747407C210ADF2F00B24EAA /* DepositFundsInternalErrorResponseBody.swift */; };
		574740BC210ADF2F00B24EAA /* CancelInternalErrorResponseBody.swift in Sources */ = {isa = PBXBuildFile; fileRef = 5747407D210ADF2F00B24EAA /* CancelInternalErrorResponseBody.swift */; };
		574740BD210ADF2F00B24EAA /* NewsResultsResponseBody.swift in Sources */ = {isa = PBXBuildFile; fileRef = 5747407E210ADF2F00B24EAA /* NewsResultsResponseBody.swift */; };
		574740BE210ADF2F00B24EAA /* Extensions.swift in Sources */ = {isa = PBXBuildFile; fileRef = 5747407F210ADF2F00B24EAA /* Extensions.swift */; };
		574740BF210ADF2F00B24EAA /* JSONEncodingHelper.swift in Sources */ = {isa = PBXBuildFile; fileRef = 57474080210ADF2F00B24EAA /* JSONEncodingHelper.swift */; };
		574740C0210ADF2F00B24EAA /* Models.swift in Sources */ = {isa = PBXBuildFile; fileRef = 57474081210ADF2F00B24EAA /* Models.swift */; };
		574740C1210ADF2F00B24EAA /* Configuration.swift in Sources */ = {isa = PBXBuildFile; fileRef = 57474082210ADF2F00B24EAA /* Configuration.swift */; };
		574F25EC2125D8BE004BBAF3 /* EventStateReducer.swift in Sources */ = {isa = PBXBuildFile; fileRef = 574F25EB2125D8BE004BBAF3 /* EventStateReducer.swift */; };
		574F25EE2125E843004BBAF3 /* ActionREADME.md in Sources */ = {isa = PBXBuildFile; fileRef = 574F25ED2125E843004BBAF3 /* ActionREADME.md */; };
		574F25F02125F8B9004BBAF3 /* SharedActionPayloads.swift in Sources */ = {isa = PBXBuildFile; fileRef = 574F25EF2125F8B9004BBAF3 /* SharedActionPayloads.swift */; };
		5760DE2B2102AA5700F2207F /* Game.swift in Sources */ = {isa = PBXBuildFile; fileRef = 5760DE262102AA5700F2207F /* Game.swift */; };
		5760DE2C2102AA5700F2207F /* Event.swift in Sources */ = {isa = PBXBuildFile; fileRef = 5760DE272102AA5700F2207F /* Event.swift */; };
		5760DE2D2102AA5700F2207F /* Holding.swift in Sources */ = {isa = PBXBuildFile; fileRef = 5760DE282102AA5700F2207F /* Holding.swift */; };
		5760DE2E2102AA5700F2207F /* Sport.swift in Sources */ = {isa = PBXBuildFile; fileRef = 5760DE292102AA5700F2207F /* Sport.swift */; };
		5760DE2F2102AA5700F2207F /* Team.swift in Sources */ = {isa = PBXBuildFile; fileRef = 5760DE2A2102AA5700F2207F /* Team.swift */; };
		5760DE312102AE1500F2207F /* AppState.swift in Sources */ = {isa = PBXBuildFile; fileRef = 5760DE302102AE1500F2207F /* AppState.swift */; };
		5760DE332102AE2F00F2207F /* AppReducer.swift in Sources */ = {isa = PBXBuildFile; fileRef = 5760DE322102AE2E00F2207F /* AppReducer.swift */; };
		5760DE392102B24800F2207F /* PriceReducer.swift in Sources */ = {isa = PBXBuildFile; fileRef = 5760DE382102B24800F2207F /* PriceReducer.swift */; };
		5760DE3B2102B28D00F2207F /* SettingsReducer.swift in Sources */ = {isa = PBXBuildFile; fileRef = 5760DE3A2102B28D00F2207F /* SettingsReducer.swift */; };
		5760DE3D2102B3FF00F2207F /* AppModeActions.swift in Sources */ = {isa = PBXBuildFile; fileRef = 5760DE3C2102B3FF00F2207F /* AppModeActions.swift */; };
		576B14442113DA81002D03B4 /* CoreEntityRepoState.swift in Sources */ = {isa = PBXBuildFile; fileRef = 576B14432113DA81002D03B4 /* CoreEntityRepoState.swift */; };
		57893EF02128EB6100B5BEE4 /* GameViewModel.swift in Sources */ = {isa = PBXBuildFile; fileRef = 57893EEF2128EB6100B5BEE4 /* GameViewModel.swift */; };
		57893EF22128EEC400B5BEE4 /* MiscDontCopy.swift in Sources */ = {isa = PBXBuildFile; fileRef = 57893EF12128EEC400B5BEE4 /* MiscDontCopy.swift */; };
		57BB90DB211900C500DA2B00 /* TeamStateMgr.swift in Sources */ = {isa = PBXBuildFile; fileRef = 57BB90DA211900C500DA2B00 /* TeamStateMgr.swift */; };
		57CCE213212528D100BDBF56 /* AssetKey.swift in Sources */ = {isa = PBXBuildFile; fileRef = 57CCE212212528D100BDBF56 /* AssetKey.swift */; };
		57DE1DBE2123660000EC2DDB /* StateValueProto.swift in Sources */ = {isa = PBXBuildFile; fileRef = 57DE1DBD2123660000EC2DDB /* StateValueProto.swift */; };
		57FD2ECE2118B71F00B93CAC /* StoreApiExtensions.swift in Sources */ = {isa = PBXBuildFile; fileRef = 57FD2ECD2118B71E00B93CAC /* StoreApiExtensions.swift */; };
		57FD2ED02118BBC200B93CAC /* EntityReducer.swift in Sources */ = {isa = PBXBuildFile; fileRef = 57FD2ECF2118BBC200B93CAC /* EntityReducer.swift */; };
		57FF68E9210631FD00789F20 /* AccountBankReducer.swift in Sources */ = {isa = PBXBuildFile; fileRef = 57FF68E8210631FD00789F20 /* AccountBankReducer.swift */; };
		57FF68EB21063D2C00789F20 /* PortfolioReducer.swift in Sources */ = {isa = PBXBuildFile; fileRef = 57FF68EA21063D2C00789F20 /* PortfolioReducer.swift */; };
		57FF68F02106448D00789F20 /* TeamStateSingleton.swift in Sources */ = {isa = PBXBuildFile; fileRef = 57FF68EC2106448D00789F20 /* TeamStateSingleton.swift */; };
		57FF68F12106448D00789F20 /* TeamStateMarker.swift in Sources */ = {isa = PBXBuildFile; fileRef = 57FF68ED2106448D00789F20 /* TeamStateMarker.swift */; };
		57FF68F22106448D00789F20 /* GameCollection.swift in Sources */ = {isa = PBXBuildFile; fileRef = 57FF68EE2106448D00789F20 /* GameCollection.swift */; };
		57FF68F32106448D00789F20 /* TeamStatus.swift in Sources */ = {isa = PBXBuildFile; fileRef = 57FF68EF2106448D00789F20 /* TeamStatus.swift */; };
		57FF68F5210653D700789F20 /* NotificationReducer.swift in Sources */ = {isa = PBXBuildFile; fileRef = 57FF68F4210653D700789F20 /* NotificationReducer.swift */; };
		7A6F53C8349CC218C2BA2A0E /* Pods_nmg_ios_redux_state.framework in Frameworks */ = {isa = PBXBuildFile; fileRef = 8D885AE0E0A62155D2026F2F /* Pods_nmg_ios_redux_state.framework */; };
		A1CF66295BFB9271A01104F9 /* Pods_nmg_ios_redux_stateTests.framework in Frameworks */ = {isa = PBXBuildFile; fileRef = 1215B7D7CE6F3AAC4F59EECC /* Pods_nmg_ios_redux_stateTests.framework */; };
/* End PBXBuildFile section */

/* Begin PBXContainerItemProxy section */
		571B8D63210FB23B00B5C4A7 /* PBXContainerItemProxy */ = {
			isa = PBXContainerItemProxy;
			containerPortal = 57164E3F2101040100F4E76F /* Project object */;
			proxyType = 1;
			remoteGlobalIDString = 57164E462101040100F4E76F;
			remoteInfo = nmg_ios_redux_state;
		};
/* End PBXContainerItemProxy section */

/* Begin PBXFileReference section */
		1215B7D7CE6F3AAC4F59EECC /* Pods_nmg_ios_redux_stateTests.framework */ = {isa = PBXFileReference; explicitFileType = wrapper.framework; includeInIndex = 0; path = Pods_nmg_ios_redux_stateTests.framework; sourceTree = BUILT_PRODUCTS_DIR; };
		3BAE970E1353810BC895457D /* Pods-nmg_ios_redux_state.release.xcconfig */ = {isa = PBXFileReference; includeInIndex = 1; lastKnownFileType = text.xcconfig; name = "Pods-nmg_ios_redux_state.release.xcconfig"; path = "Pods/Target Support Files/Pods-nmg_ios_redux_state/Pods-nmg_ios_redux_state.release.xcconfig"; sourceTree = "<group>"; };
		41DC36C7F871355216DFDFA5 /* Pods-nmg_ios_redux_stateTests.debug.xcconfig */ = {isa = PBXFileReference; includeInIndex = 1; lastKnownFileType = text.xcconfig; name = "Pods-nmg_ios_redux_stateTests.debug.xcconfig"; path = "Pods/Target Support Files/Pods-nmg_ios_redux_stateTests/Pods-nmg_ios_redux_stateTests.debug.xcconfig"; sourceTree = "<group>"; };
		54366410489DB6D2A5C01D7F /* Pods-nmg_ios_redux_state.debug.xcconfig */ = {isa = PBXFileReference; includeInIndex = 1; lastKnownFileType = text.xcconfig; name = "Pods-nmg_ios_redux_state.debug.xcconfig"; path = "Pods/Target Support Files/Pods-nmg_ios_redux_state/Pods-nmg_ios_redux_state.debug.xcconfig"; sourceTree = "<group>"; };
		5708171B212603DA00D1E0E4 /* SettingsState.swift */ = {isa = PBXFileReference; lastKnownFileType = sourcecode.swift; path = SettingsState.swift; sourceTree = "<group>"; };
		57164E472101040100F4E76F /* nmg_ios_redux_state.app */ = {isa = PBXFileReference; explicitFileType = wrapper.application; includeInIndex = 0; path = nmg_ios_redux_state.app; sourceTree = BUILT_PRODUCTS_DIR; };
		57164E4A2101040100F4E76F /* AppDelegate.swift */ = {isa = PBXFileReference; lastKnownFileType = sourcecode.swift; path = AppDelegate.swift; sourceTree = "<group>"; };
		57164E4C2101040100F4E76F /* ViewController.swift */ = {isa = PBXFileReference; lastKnownFileType = sourcecode.swift; path = ViewController.swift; sourceTree = "<group>"; };
		57164E4F2101040100F4E76F /* Base */ = {isa = PBXFileReference; lastKnownFileType = file.storyboard; name = Base; path = Base.lproj/Main.storyboard; sourceTree = "<group>"; };
		57164E512101040200F4E76F /* Assets.xcassets */ = {isa = PBXFileReference; lastKnownFileType = folder.assetcatalog; path = Assets.xcassets; sourceTree = "<group>"; };
		57164E542101040200F4E76F /* Base */ = {isa = PBXFileReference; lastKnownFileType = file.storyboard; name = Base; path = Base.lproj/LaunchScreen.storyboard; sourceTree = "<group>"; };
		57164E562101040200F4E76F /* Info.plist */ = {isa = PBXFileReference; lastKnownFileType = text.plist.xml; path = Info.plist; sourceTree = "<group>"; };
		57164E5C2101045400F4E76F /* Podfile */ = {isa = PBXFileReference; fileEncoding = 4; lastKnownFileType = text; path = Podfile; sourceTree = "<group>"; xcLanguageSpecificationIdentifier = xcode.lang.ruby; };
		571B8D5E210FB23B00B5C4A7 /* nmg_ios_redux_stateTests.xctest */ = {isa = PBXFileReference; explicitFileType = wrapper.cfbundle; includeInIndex = 0; path = nmg_ios_redux_stateTests.xctest; sourceTree = BUILT_PRODUCTS_DIR; };
		571B8D60210FB23B00B5C4A7 /* nmg_ios_redux_stateTests.swift */ = {isa = PBXFileReference; lastKnownFileType = sourcecode.swift; path = nmg_ios_redux_stateTests.swift; sourceTree = "<group>"; };
		571B8D62210FB23B00B5C4A7 /* Info.plist */ = {isa = PBXFileReference; lastKnownFileType = text.plist.xml; path = Info.plist; sourceTree = "<group>"; };
		57262AA62126052A00F83CF7 /* PortfolioState.swift */ = {isa = PBXFileReference; lastKnownFileType = sourcecode.swift; path = PortfolioState.swift; sourceTree = "<group>"; };
		57262AA82126053B00F83CF7 /* NotificationState.swift */ = {isa = PBXFileReference; lastKnownFileType = sourcecode.swift; path = NotificationState.swift; sourceTree = "<group>"; };
		57326B322107B3E500649323 /* EventEventActions.swift */ = {isa = PBXFileReference; lastKnownFileType = sourcecode.swift; path = EventEventActions.swift; sourceTree = "<group>"; };
		57326B342107B54500649323 /* FinancialActions.swift */ = {isa = PBXFileReference; lastKnownFileType = sourcecode.swift; path = FinancialActions.swift; sourceTree = "<group>"; };
		57326B362107BCEF00649323 /* AccountState.swift */ = {isa = PBXFileReference; lastKnownFileType = sourcecode.swift; path = AccountState.swift; sourceTree = "<group>"; };
		57326B392107EAD900649323 /* TeamPrices.swift */ = {isa = PBXFileReference; fileEncoding = 4; lastKnownFileType = sourcecode.swift; path = TeamPrices.swift; sourceTree = "<group>"; };
		57326B3F2107EB1700649323 /* PricesState.swift */ = {isa = PBXFileReference; lastKnownFileType = sourcecode.swift; path = PricesState.swift; sourceTree = "<group>"; };
		57326B412107EDD800649323 /* TickerSettings.swift */ = {isa = PBXFileReference; lastKnownFileType = sourcecode.swift; path = TickerSettings.swift; sourceTree = "<group>"; };
		57326B432107F70300649323 /* NotificationAction.swift */ = {isa = PBXFileReference; lastKnownFileType = sourcecode.swift; path = NotificationAction.swift; sourceTree = "<group>"; };
		57326B4B21097E0A00649323 /* RDXTypeAliases.swift */ = {isa = PBXFileReference; lastKnownFileType = sourcecode.swift; path = RDXTypeAliases.swift; sourceTree = "<group>"; };
		574642EA210660F400FBAE49 /* CurrentEventState.swift */ = {isa = PBXFileReference; lastKnownFileType = sourcecode.swift; path = CurrentEventState.swift; sourceTree = "<group>"; };
		57474042210ADF2F00B24EAA /* APIHelper.swift */ = {isa = PBXFileReference; fileEncoding = 4; lastKnownFileType = sourcecode.swift; path = APIHelper.swift; sourceTree = "<group>"; };
		57474043210ADF2F00B24EAA /* AlamofireImplementations.swift */ = {isa = PBXFileReference; fileEncoding = 4; lastKnownFileType = sourcecode.swift; path = AlamofireImplementations.swift; sourceTree = "<group>"; };
		57474045210ADF2F00B24EAA /* UserAPI.swift */ = {isa = PBXFileReference; fileEncoding = 4; lastKnownFileType = sourcecode.swift; path = UserAPI.swift; sourceTree = "<group>"; };
		57474046210ADF2F00B24EAA /* AuthAPI.swift */ = {isa = PBXFileReference; fileEncoding = 4; lastKnownFileType = sourcecode.swift; path = AuthAPI.swift; sourceTree = "<group>"; };
		57474047210ADF2F00B24EAA /* PrefsAPI.swift */ = {isa = PBXFileReference; fileEncoding = 4; lastKnownFileType = sourcecode.swift; path = PrefsAPI.swift; sourceTree = "<group>"; };
		57474048210ADF2F00B24EAA /* AccountAPI.swift */ = {isa = PBXFileReference; fileEncoding = 4; lastKnownFileType = sourcecode.swift; path = AccountAPI.swift; sourceTree = "<group>"; };
		57474049210ADF2F00B24EAA /* NewsAPI.swift */ = {isa = PBXFileReference; fileEncoding = 4; lastKnownFileType = sourcecode.swift; path = NewsAPI.swift; sourceTree = "<group>"; };
		5747404A210ADF2F00B24EAA /* PortfolioAPI.swift */ = {isa = PBXFileReference; fileEncoding = 4; lastKnownFileType = sourcecode.swift; path = PortfolioAPI.swift; sourceTree = "<group>"; };
		5747404B210ADF2F00B24EAA /* OrdersAPI.swift */ = {isa = PBXFileReference; fileEncoding = 4; lastKnownFileType = sourcecode.swift; path = OrdersAPI.swift; sourceTree = "<group>"; };
		5747404C210ADF2F00B24EAA /* CodableHelper.swift */ = {isa = PBXFileReference; fileEncoding = 4; lastKnownFileType = sourcecode.swift; path = CodableHelper.swift; sourceTree = "<group>"; };
		5747404D210ADF2F00B24EAA /* JSONEncodableEncoding.swift */ = {isa = PBXFileReference; fileEncoding = 4; lastKnownFileType = sourcecode.swift; path = JSONEncodableEncoding.swift; sourceTree = "<group>"; };
		5747404E210ADF2F00B24EAA /* APIs.swift */ = {isa = PBXFileReference; fileEncoding = 4; lastKnownFileType = sourcecode.swift; path = APIs.swift; sourceTree = "<group>"; };
		57474050210ADF2F00B24EAA /* SummarymsgResponseBody.swift */ = {isa = PBXFileReference; fileEncoding = 4; lastKnownFileType = sourcecode.swift; path = SummarymsgResponseBody.swift; sourceTree = "<group>"; };
		57474051210ADF2F00B24EAA /* DeleteInternalErrorResponseBody.swift */ = {isa = PBXFileReference; fileEncoding = 4; lastKnownFileType = sourcecode.swift; path = DeleteInternalErrorResponseBody.swift; sourceTree = "<group>"; };
		57474052210ADF2F00B24EAA /* AddResponseBody.swift */ = {isa = PBXFileReference; fileEncoding = 4; lastKnownFileType = sourcecode.swift; path = AddResponseBody.swift; sourceTree = "<group>"; };
		57474053210ADF2F00B24EAA /* ListRequestBody.swift */ = {isa = PBXFileReference; fileEncoding = 4; lastKnownFileType = sourcecode.swift; path = ListRequestBody.swift; sourceTree = "<group>"; };
		57474054210ADF2F00B24EAA /* WithdrawFundsInternalErrorResponseBody.swift */ = {isa = PBXFileReference; fileEncoding = 4; lastKnownFileType = sourcecode.swift; path = WithdrawFundsInternalErrorResponseBody.swift; sourceTree = "<group>"; };
		57474055210ADF2F00B24EAA /* AddRequestBody.swift */ = {isa = PBXFileReference; fileEncoding = 4; lastKnownFileType = sourcecode.swift; path = AddRequestBody.swift; sourceTree = "<group>"; };
		57474056210ADF2F00B24EAA /* BasicResponseBody.swift */ = {isa = PBXFileReference; fileEncoding = 4; lastKnownFileType = sourcecode.swift; path = BasicResponseBody.swift; sourceTree = "<group>"; };
		57474057210ADF2F00B24EAA /* PortfolioHoldingResultMsgResponseBodyCollection.swift */ = {isa = PBXFileReference; fileEncoding = 4; lastKnownFileType = sourcecode.swift; path = PortfolioHoldingResultMsgResponseBodyCollection.swift; sourceTree = "<group>"; };
		57474058210ADF2F00B24EAA /* SummaryRequestBody.swift */ = {isa = PBXFileReference; fileEncoding = 4; lastKnownFileType = sourcecode.swift; path = SummaryRequestBody.swift; sourceTree = "<group>"; };
		57474059210ADF2F00B24EAA /* DepositFundsResponseBody.swift */ = {isa = PBXFileReference; fileEncoding = 4; lastKnownFileType = sourcecode.swift; path = DepositFundsResponseBody.swift; sourceTree = "<group>"; };
		5747405A210ADF2F00B24EAA /* FundsXferScheduleRequestBody.swift */ = {isa = PBXFileReference; fileEncoding = 4; lastKnownFileType = sourcecode.swift; path = FundsXferScheduleRequestBody.swift; sourceTree = "<group>"; };
		5747405B210ADF2F00B24EAA /* SubmitInternalErrorResponseBody.swift */ = {isa = PBXFileReference; fileEncoding = 4; lastKnownFileType = sourcecode.swift; path = SubmitInternalErrorResponseBody.swift; sourceTree = "<group>"; };
		5747405C210ADF2F00B24EAA /* SubmitResponseBody.swift */ = {isa = PBXFileReference; fileEncoding = 4; lastKnownFileType = sourcecode.swift; path = SubmitResponseBody.swift; sourceTree = "<group>"; };
		5747405D210ADF2F00B24EAA /* UpdateRequestBody.swift */ = {isa = PBXFileReference; fileEncoding = 4; lastKnownFileType = sourcecode.swift; path = UpdateRequestBody.swift; sourceTree = "<group>"; };
		5747405E210ADF2F00B24EAA /* RedeemSharesInternalErrorResponseBody.swift */ = {isa = PBXFileReference; fileEncoding = 4; lastKnownFileType = sourcecode.swift; path = RedeemSharesInternalErrorResponseBody.swift; sourceTree = "<group>"; };
		5747405F210ADF2F00B24EAA /* RefreshResponseBody.swift */ = {isa = PBXFileReference; fileEncoding = 4; lastKnownFileType = sourcecode.swift; path = RefreshResponseBody.swift; sourceTree = "<group>"; };
		57474060210ADF2F00B24EAA /* SummaryInternalErrorResponseBody.swift */ = {isa = PBXFileReference; fileEncoding = 4; lastKnownFileType = sourcecode.swift; path = SummaryInternalErrorResponseBody.swift; sourceTree = "<group>"; };
		57474061210ADF2F00B24EAA /* WithdrawFundsResponseBody.swift */ = {isa = PBXFileReference; fileEncoding = 4; lastKnownFileType = sourcecode.swift; path = WithdrawFundsResponseBody.swift; sourceTree = "<group>"; };
		57474062210ADF2F00B24EAA /* HistoryRequestBody.swift */ = {isa = PBXFileReference; fileEncoding = 4; lastKnownFileType = sourcecode.swift; path = HistoryRequestBody.swift; sourceTree = "<group>"; };
		57474063210ADF2F00B24EAA /* HistoryMsgResponseBodyCollection.swift */ = {isa = PBXFileReference; fileEncoding = 4; lastKnownFileType = sourcecode.swift; path = HistoryMsgResponseBodyCollection.swift; sourceTree = "<group>"; };
		57474064210ADF2F00B24EAA /* ListInternalErrorResponseBody.swift */ = {isa = PBXFileReference; fileEncoding = 4; lastKnownFileType = sourcecode.swift; path = ListInternalErrorResponseBody.swift; sourceTree = "<group>"; };
		57474065210ADF2F00B24EAA /* RefreshInternalErrorResponseBody.swift */ = {isa = PBXFileReference; fileEncoding = 4; lastKnownFileType = sourcecode.swift; path = RefreshInternalErrorResponseBody.swift; sourceTree = "<group>"; };
		57474066210ADF2F00B24EAA /* NewsResultsResponseBodyCollection.swift */ = {isa = PBXFileReference; fileEncoding = 4; lastKnownFileType = sourcecode.swift; path = NewsResultsResponseBodyCollection.swift; sourceTree = "<group>"; };
		57474067210ADF2F00B24EAA /* BasicInternalErrorResponseBody.swift */ = {isa = PBXFileReference; fileEncoding = 4; lastKnownFileType = sourcecode.swift; path = BasicInternalErrorResponseBody.swift; sourceTree = "<group>"; };
		57474068210ADF2F00B24EAA /* ListResponseBody.swift */ = {isa = PBXFileReference; fileEncoding = 4; lastKnownFileType = sourcecode.swift; path = ListResponseBody.swift; sourceTree = "<group>"; };
		57474069210ADF2F00B24EAA /* PositionsRequestBody.swift */ = {isa = PBXFileReference; fileEncoding = 4; lastKnownFileType = sourcecode.swift; path = PositionsRequestBody.swift; sourceTree = "<group>"; };
		5747406A210ADF2F00B24EAA /* UpdateInternalErrorResponseBody.swift */ = {isa = PBXFileReference; fileEncoding = 4; lastKnownFileType = sourcecode.swift; path = UpdateInternalErrorResponseBody.swift; sourceTree = "<group>"; };
		5747406B210ADF2F00B24EAA /* CancelRequestBody.swift */ = {isa = PBXFileReference; fileEncoding = 4; lastKnownFileType = sourcecode.swift; path = CancelRequestBody.swift; sourceTree = "<group>"; };
		5747406C210ADF2F00B24EAA /* HistoryInternalErrorResponseBody.swift */ = {isa = PBXFileReference; fileEncoding = 4; lastKnownFileType = sourcecode.swift; path = HistoryInternalErrorResponseBody.swift; sourceTree = "<group>"; };
		5747406D210ADF2F00B24EAA /* PortfolioHoldingResultMsgResponseBody.swift */ = {isa = PBXFileReference; fileEncoding = 4; lastKnownFileType = sourcecode.swift; path = PortfolioHoldingResultMsgResponseBody.swift; sourceTree = "<group>"; };
		5747406E210ADF2F00B24EAA /* LoadInternalErrorResponseBody.swift */ = {isa = PBXFileReference; fileEncoding = 4; lastKnownFileType = sourcecode.swift; path = LoadInternalErrorResponseBody.swift; sourceTree = "<group>"; };
		5747406F210ADF2F00B24EAA /* SummarymsgResponseBodyCollection.swift */ = {isa = PBXFileReference; fileEncoding = 4; lastKnownFileType = sourcecode.swift; path = SummarymsgResponseBodyCollection.swift; sourceTree = "<group>"; };
		57474070210ADF2F00B24EAA /* SubmitRequestBody.swift */ = {isa = PBXFileReference; fileEncoding = 4; lastKnownFileType = sourcecode.swift; path = SubmitRequestBody.swift; sourceTree = "<group>"; };
		57474071210ADF2F00B24EAA /* PositionsInternalErrorResponseBody.swift */ = {isa = PBXFileReference; fileEncoding = 4; lastKnownFileType = sourcecode.swift; path = PositionsInternalErrorResponseBody.swift; sourceTree = "<group>"; };
		57474072210ADF2F00B24EAA /* SummaryElementResponseBody.swift */ = {isa = PBXFileReference; fileEncoding = 4; lastKnownFileType = sourcecode.swift; path = SummaryElementResponseBody.swift; sourceTree = "<group>"; };
		57474073210ADF2F00B24EAA /* OrderResultsMsg.swift */ = {isa = PBXFileReference; fileEncoding = 4; lastKnownFileType = sourcecode.swift; path = OrderResultsMsg.swift; sourceTree = "<group>"; };
		57474074210ADF2F00B24EAA /* StorePushNotifyTokenInternalErrorResponseBody.swift */ = {isa = PBXFileReference; fileEncoding = 4; lastKnownFileType = sourcecode.swift; path = StorePushNotifyTokenInternalErrorResponseBody.swift; sourceTree = "<group>"; };
		57474075210ADF2F00B24EAA /* AddInternalErrorResponseBody.swift */ = {isa = PBXFileReference; fileEncoding = 4; lastKnownFileType = sourcecode.swift; path = AddInternalErrorResponseBody.swift; sourceTree = "<group>"; };
		57474076210ADF2F00B24EAA /* RedeemSharesRequestBody.swift */ = {isa = PBXFileReference; fileEncoding = 4; lastKnownFileType = sourcecode.swift; path = RedeemSharesRequestBody.swift; sourceTree = "<group>"; };
		57474077210ADF2F00B24EAA /* WithdrawFundsRequestBody.swift */ = {isa = PBXFileReference; fileEncoding = 4; lastKnownFileType = sourcecode.swift; path = WithdrawFundsRequestBody.swift; sourceTree = "<group>"; };
		57474078210ADF2F00B24EAA /* HistoryMsgResponseBody.swift */ = {isa = PBXFileReference; fileEncoding = 4; lastKnownFileType = sourcecode.swift; path = HistoryMsgResponseBody.swift; sourceTree = "<group>"; };
		57474079210ADF2F00B24EAA /* LoadResponseBody.swift */ = {isa = PBXFileReference; fileEncoding = 4; lastKnownFileType = sourcecode.swift; path = LoadResponseBody.swift; sourceTree = "<group>"; };
		5747407A210ADF2F00B24EAA /* DepositFundsRequestBody.swift */ = {isa = PBXFileReference; fileEncoding = 4; lastKnownFileType = sourcecode.swift; path = DepositFundsRequestBody.swift; sourceTree = "<group>"; };
		5747407B210ADF2F00B24EAA /* JWTInternalErrorResponseBody.swift */ = {isa = PBXFileReference; fileEncoding = 4; lastKnownFileType = sourcecode.swift; path = JWTInternalErrorResponseBody.swift; sourceTree = "<group>"; };
		5747407C210ADF2F00B24EAA /* DepositFundsInternalErrorResponseBody.swift */ = {isa = PBXFileReference; fileEncoding = 4; lastKnownFileType = sourcecode.swift; path = DepositFundsInternalErrorResponseBody.swift; sourceTree = "<group>"; };
		5747407D210ADF2F00B24EAA /* CancelInternalErrorResponseBody.swift */ = {isa = PBXFileReference; fileEncoding = 4; lastKnownFileType = sourcecode.swift; path = CancelInternalErrorResponseBody.swift; sourceTree = "<group>"; };
		5747407E210ADF2F00B24EAA /* NewsResultsResponseBody.swift */ = {isa = PBXFileReference; fileEncoding = 4; lastKnownFileType = sourcecode.swift; path = NewsResultsResponseBody.swift; sourceTree = "<group>"; };
		5747407F210ADF2F00B24EAA /* Extensions.swift */ = {isa = PBXFileReference; fileEncoding = 4; lastKnownFileType = sourcecode.swift; path = Extensions.swift; sourceTree = "<group>"; };
		57474080210ADF2F00B24EAA /* JSONEncodingHelper.swift */ = {isa = PBXFileReference; fileEncoding = 4; lastKnownFileType = sourcecode.swift; path = JSONEncodingHelper.swift; sourceTree = "<group>"; };
		57474081210ADF2F00B24EAA /* Models.swift */ = {isa = PBXFileReference; fileEncoding = 4; lastKnownFileType = sourcecode.swift; path = Models.swift; sourceTree = "<group>"; };
		57474082210ADF2F00B24EAA /* Configuration.swift */ = {isa = PBXFileReference; fileEncoding = 4; lastKnownFileType = sourcecode.swift; path = Configuration.swift; sourceTree = "<group>"; };
		574F25EB2125D8BE004BBAF3 /* EventStateReducer.swift */ = {isa = PBXFileReference; lastKnownFileType = sourcecode.swift; path = EventStateReducer.swift; sourceTree = "<group>"; };
		574F25ED2125E843004BBAF3 /* ActionREADME.md */ = {isa = PBXFileReference; lastKnownFileType = net.daringfireball.markdown; path = ActionREADME.md; sourceTree = "<group>"; };
		574F25EF2125F8B9004BBAF3 /* SharedActionPayloads.swift */ = {isa = PBXFileReference; lastKnownFileType = sourcecode.swift; path = SharedActionPayloads.swift; sourceTree = "<group>"; };
		5760DE262102AA5700F2207F /* Game.swift */ = {isa = PBXFileReference; fileEncoding = 4; lastKnownFileType = sourcecode.swift; name = Game.swift; path = nmg_ios_redux_state/Models/Game.swift; sourceTree = SOURCE_ROOT; };
		5760DE272102AA5700F2207F /* Event.swift */ = {isa = PBXFileReference; fileEncoding = 4; lastKnownFileType = sourcecode.swift; name = Event.swift; path = nmg_ios_redux_state/Models/Event.swift; sourceTree = SOURCE_ROOT; };
		5760DE282102AA5700F2207F /* Holding.swift */ = {isa = PBXFileReference; fileEncoding = 4; lastKnownFileType = sourcecode.swift; name = Holding.swift; path = nmg_ios_redux_state/Models/Holding.swift; sourceTree = SOURCE_ROOT; };
		5760DE292102AA5700F2207F /* Sport.swift */ = {isa = PBXFileReference; fileEncoding = 4; lastKnownFileType = sourcecode.swift; name = Sport.swift; path = nmg_ios_redux_state/Models/Sport.swift; sourceTree = SOURCE_ROOT; };
		5760DE2A2102AA5700F2207F /* Team.swift */ = {isa = PBXFileReference; fileEncoding = 4; lastKnownFileType = sourcecode.swift; name = Team.swift; path = nmg_ios_redux_state/Models/Team.swift; sourceTree = SOURCE_ROOT; };
		5760DE302102AE1500F2207F /* AppState.swift */ = {isa = PBXFileReference; fileEncoding = 4; lastKnownFileType = sourcecode.swift; path = AppState.swift; sourceTree = "<group>"; };
		5760DE322102AE2E00F2207F /* AppReducer.swift */ = {isa = PBXFileReference; fileEncoding = 4; lastKnownFileType = sourcecode.swift; path = AppReducer.swift; sourceTree = "<group>"; };
		5760DE382102B24800F2207F /* PriceReducer.swift */ = {isa = PBXFileReference; lastKnownFileType = sourcecode.swift; path = PriceReducer.swift; sourceTree = "<group>"; };
		5760DE3A2102B28D00F2207F /* SettingsReducer.swift */ = {isa = PBXFileReference; lastKnownFileType = sourcecode.swift; path = SettingsReducer.swift; sourceTree = "<group>"; };
		5760DE3C2102B3FF00F2207F /* AppModeActions.swift */ = {isa = PBXFileReference; lastKnownFileType = sourcecode.swift; path = AppModeActions.swift; sourceTree = "<group>"; };
		576B14432113DA81002D03B4 /* CoreEntityRepoState.swift */ = {isa = PBXFileReference; lastKnownFileType = sourcecode.swift; path = CoreEntityRepoState.swift; sourceTree = "<group>"; };
		57893EEF2128EB6100B5BEE4 /* GameViewModel.swift */ = {isa = PBXFileReference; lastKnownFileType = sourcecode.swift; path = GameViewModel.swift; sourceTree = "<group>"; };
		57893EF12128EEC400B5BEE4 /* MiscDontCopy.swift */ = {isa = PBXFileReference; lastKnownFileType = sourcecode.swift; path = MiscDontCopy.swift; sourceTree = "<group>"; };
		57BB90DA211900C500DA2B00 /* TeamStateMgr.swift */ = {isa = PBXFileReference; lastKnownFileType = sourcecode.swift; path = TeamStateMgr.swift; sourceTree = "<group>"; };
		57CCE212212528D100BDBF56 /* AssetKey.swift */ = {isa = PBXFileReference; lastKnownFileType = sourcecode.swift; path = AssetKey.swift; sourceTree = "<group>"; };
		57DE1DBB212359F400EC2DDB /* README.md */ = {isa = PBXFileReference; lastKnownFileType = net.daringfireball.markdown; path = README.md; sourceTree = "<group>"; };
		57DE1DBD2123660000EC2DDB /* StateValueProto.swift */ = {isa = PBXFileReference; lastKnownFileType = sourcecode.swift; path = StateValueProto.swift; sourceTree = "<group>"; };
		57FD2ECD2118B71E00B93CAC /* StoreApiExtensions.swift */ = {isa = PBXFileReference; lastKnownFileType = sourcecode.swift; path = StoreApiExtensions.swift; sourceTree = "<group>"; };
		57FD2ECF2118BBC200B93CAC /* EntityReducer.swift */ = {isa = PBXFileReference; lastKnownFileType = sourcecode.swift; path = EntityReducer.swift; sourceTree = "<group>"; };
		57FF68E8210631FD00789F20 /* AccountBankReducer.swift */ = {isa = PBXFileReference; lastKnownFileType = sourcecode.swift; path = AccountBankReducer.swift; sourceTree = "<group>"; };
		57FF68EA21063D2C00789F20 /* PortfolioReducer.swift */ = {isa = PBXFileReference; lastKnownFileType = sourcecode.swift; path = PortfolioReducer.swift; sourceTree = "<group>"; };
		57FF68EC2106448D00789F20 /* TeamStateSingleton.swift */ = {isa = PBXFileReference; fileEncoding = 4; lastKnownFileType = sourcecode.swift; name = TeamStateSingleton.swift; path = nmg_ios_redux_state/Models/TeamStateSingleton.swift; sourceTree = SOURCE_ROOT; };
		57FF68ED2106448D00789F20 /* TeamStateMarker.swift */ = {isa = PBXFileReference; fileEncoding = 4; lastKnownFileType = sourcecode.swift; name = TeamStateMarker.swift; path = nmg_ios_redux_state/Models/TeamStateMarker.swift; sourceTree = SOURCE_ROOT; };
		57FF68EE2106448D00789F20 /* GameCollection.swift */ = {isa = PBXFileReference; fileEncoding = 4; lastKnownFileType = sourcecode.swift; name = GameCollection.swift; path = nmg_ios_redux_state/Models/GameCollection.swift; sourceTree = SOURCE_ROOT; };
		57FF68EF2106448D00789F20 /* TeamStatus.swift */ = {isa = PBXFileReference; fileEncoding = 4; lastKnownFileType = sourcecode.swift; name = TeamStatus.swift; path = nmg_ios_redux_state/Models/TeamStatus.swift; sourceTree = SOURCE_ROOT; };
		57FF68F4210653D700789F20 /* NotificationReducer.swift */ = {isa = PBXFileReference; lastKnownFileType = sourcecode.swift; path = NotificationReducer.swift; sourceTree = "<group>"; };
		8D885AE0E0A62155D2026F2F /* Pods_nmg_ios_redux_state.framework */ = {isa = PBXFileReference; explicitFileType = wrapper.framework; includeInIndex = 0; path = Pods_nmg_ios_redux_state.framework; sourceTree = BUILT_PRODUCTS_DIR; };
		A77FE3E528495F39A71F1CD8 /* Pods-nmg_ios_redux_stateTests.release.xcconfig */ = {isa = PBXFileReference; includeInIndex = 1; lastKnownFileType = text.xcconfig; name = "Pods-nmg_ios_redux_stateTests.release.xcconfig"; path = "Pods/Target Support Files/Pods-nmg_ios_redux_stateTests/Pods-nmg_ios_redux_stateTests.release.xcconfig"; sourceTree = "<group>"; };
/* End PBXFileReference section */

/* Begin PBXFrameworksBuildPhase section */
		57164E442101040100F4E76F /* Frameworks */ = {
			isa = PBXFrameworksBuildPhase;
			buildActionMask = 2147483647;
			files = (
				7A6F53C8349CC218C2BA2A0E /* Pods_nmg_ios_redux_state.framework in Frameworks */,
			);
			runOnlyForDeploymentPostprocessing = 0;
		};
		571B8D5B210FB23B00B5C4A7 /* Frameworks */ = {
			isa = PBXFrameworksBuildPhase;
			buildActionMask = 2147483647;
			files = (
				A1CF66295BFB9271A01104F9 /* Pods_nmg_ios_redux_stateTests.framework in Frameworks */,
			);
			runOnlyForDeploymentPostprocessing = 0;
		};
/* End PBXFrameworksBuildPhase section */

/* Begin PBXGroup section */
		57164E3E2101040100F4E76F = {
			isa = PBXGroup;
			children = (
				57164E5C2101045400F4E76F /* Podfile */,
				57164E492101040100F4E76F /* nmg_ios_redux_state */,
				571B8D5F210FB23B00B5C4A7 /* nmg_ios_redux_stateTests */,
				57164E482101040100F4E76F /* Products */,
				D7BBEA942750D4ABEF85699B /* Pods */,
				888432FE1E2826A066B40CA9 /* Frameworks */,
			);
			sourceTree = "<group>";
		};
		57164E482101040100F4E76F /* Products */ = {
			isa = PBXGroup;
			children = (
				57164E472101040100F4E76F /* nmg_ios_redux_state.app */,
				571B8D5E210FB23B00B5C4A7 /* nmg_ios_redux_stateTests.xctest */,
			);
			name = Products;
			sourceTree = "<group>";
		};
		57164E492101040100F4E76F /* nmg_ios_redux_state */ = {
			isa = PBXGroup;
			children = (
				571E83BD2123C86C001FC991 /* Util */,
				57CCE211212528BB00BDBF56 /* Models (keep) */,
				5760DE252102AA3500F2207F /* Models (dont copy) */,
				57DE1DBC212365E300EC2DDB /* Protocols */,
				5731F6CA212241C100C6A592 /* ViewStateApisRO */,
				5760DE242102AA2900F2207F /* State */,
				5760DE232102AA2200F2207F /* Reducers */,
				5760DE222102AA1B00F2207F /* Actions */,
				57164E4A2101040100F4E76F /* AppDelegate.swift */,
				57164E4C2101040100F4E76F /* ViewController.swift */,
				57164E4E2101040100F4E76F /* Main.storyboard */,
				57164E512101040200F4E76F /* Assets.xcassets */,
				57164E532101040200F4E76F /* LaunchScreen.storyboard */,
				57164E562101040200F4E76F /* Info.plist */,
				57474041210ADF2F00B24EAA /* NmgApi */,
			);
			path = nmg_ios_redux_state;
			sourceTree = "<group>";
		};
		571B8D5F210FB23B00B5C4A7 /* nmg_ios_redux_stateTests */ = {
			isa = PBXGroup;
			children = (
				571B8D60210FB23B00B5C4A7 /* nmg_ios_redux_stateTests.swift */,
				571B8D62210FB23B00B5C4A7 /* Info.plist */,
			);
			path = nmg_ios_redux_stateTests;
			sourceTree = "<group>";
		};
		571E83BD2123C86C001FC991 /* Util */ = {
			isa = PBXGroup;
			children = (
				57326B4B21097E0A00649323 /* RDXTypeAliases.swift */,
				57FD2ECD2118B71E00B93CAC /* StoreApiExtensions.swift */,
			);
			path = Util;
			sourceTree = "<group>";
		};
		5731F6CA212241C100C6A592 /* ViewStateApisRO */ = {
			isa = PBXGroup;
			children = (
				57DE1DBB212359F400EC2DDB /* README.md */,
				57893EEF2128EB6100B5BEE4 /* GameViewModel.swift */,
			);
			path = ViewStateApisRO;
			sourceTree = "<group>";
		};
		57474041210ADF2F00B24EAA /* NmgApi */ = {
			isa = PBXGroup;
			children = (
				57474042210ADF2F00B24EAA /* APIHelper.swift */,
				57474043210ADF2F00B24EAA /* AlamofireImplementations.swift */,
				57474044210ADF2F00B24EAA /* APIs */,
				5747404C210ADF2F00B24EAA /* CodableHelper.swift */,
				5747404D210ADF2F00B24EAA /* JSONEncodableEncoding.swift */,
				5747404E210ADF2F00B24EAA /* APIs.swift */,
				5747404F210ADF2F00B24EAA /* Models */,
				5747407F210ADF2F00B24EAA /* Extensions.swift */,
				57474080210ADF2F00B24EAA /* JSONEncodingHelper.swift */,
				57474081210ADF2F00B24EAA /* Models.swift */,
				57474082210ADF2F00B24EAA /* Configuration.swift */,
			);
			path = NmgApi;
			sourceTree = "<group>";
		};
		57474044210ADF2F00B24EAA /* APIs */ = {
			isa = PBXGroup;
			children = (
				57474045210ADF2F00B24EAA /* UserAPI.swift */,
				57474046210ADF2F00B24EAA /* AuthAPI.swift */,
				57474047210ADF2F00B24EAA /* PrefsAPI.swift */,
				57474048210ADF2F00B24EAA /* AccountAPI.swift */,
				57474049210ADF2F00B24EAA /* NewsAPI.swift */,
				5747404A210ADF2F00B24EAA /* PortfolioAPI.swift */,
				5747404B210ADF2F00B24EAA /* OrdersAPI.swift */,
			);
			path = APIs;
			sourceTree = "<group>";
		};
		5747404F210ADF2F00B24EAA /* Models */ = {
			isa = PBXGroup;
			children = (
				57474050210ADF2F00B24EAA /* SummarymsgResponseBody.swift */,
				57474051210ADF2F00B24EAA /* DeleteInternalErrorResponseBody.swift */,
				57474052210ADF2F00B24EAA /* AddResponseBody.swift */,
				57474053210ADF2F00B24EAA /* ListRequestBody.swift */,
				57474054210ADF2F00B24EAA /* WithdrawFundsInternalErrorResponseBody.swift */,
				57474055210ADF2F00B24EAA /* AddRequestBody.swift */,
				57474056210ADF2F00B24EAA /* BasicResponseBody.swift */,
				57474057210ADF2F00B24EAA /* PortfolioHoldingResultMsgResponseBodyCollection.swift */,
				57474058210ADF2F00B24EAA /* SummaryRequestBody.swift */,
				57474059210ADF2F00B24EAA /* DepositFundsResponseBody.swift */,
				5747405A210ADF2F00B24EAA /* FundsXferScheduleRequestBody.swift */,
				5747405B210ADF2F00B24EAA /* SubmitInternalErrorResponseBody.swift */,
				5747405C210ADF2F00B24EAA /* SubmitResponseBody.swift */,
				5747405D210ADF2F00B24EAA /* UpdateRequestBody.swift */,
				5747405E210ADF2F00B24EAA /* RedeemSharesInternalErrorResponseBody.swift */,
				5747405F210ADF2F00B24EAA /* RefreshResponseBody.swift */,
				57474060210ADF2F00B24EAA /* SummaryInternalErrorResponseBody.swift */,
				57474061210ADF2F00B24EAA /* WithdrawFundsResponseBody.swift */,
				57474062210ADF2F00B24EAA /* HistoryRequestBody.swift */,
				57474063210ADF2F00B24EAA /* HistoryMsgResponseBodyCollection.swift */,
				57474064210ADF2F00B24EAA /* ListInternalErrorResponseBody.swift */,
				57474065210ADF2F00B24EAA /* RefreshInternalErrorResponseBody.swift */,
				57474066210ADF2F00B24EAA /* NewsResultsResponseBodyCollection.swift */,
				57474067210ADF2F00B24EAA /* BasicInternalErrorResponseBody.swift */,
				57474068210ADF2F00B24EAA /* ListResponseBody.swift */,
				57474069210ADF2F00B24EAA /* PositionsRequestBody.swift */,
				5747406A210ADF2F00B24EAA /* UpdateInternalErrorResponseBody.swift */,
				5747406B210ADF2F00B24EAA /* CancelRequestBody.swift */,
				5747406C210ADF2F00B24EAA /* HistoryInternalErrorResponseBody.swift */,
				5747406D210ADF2F00B24EAA /* PortfolioHoldingResultMsgResponseBody.swift */,
				5747406E210ADF2F00B24EAA /* LoadInternalErrorResponseBody.swift */,
				5747406F210ADF2F00B24EAA /* SummarymsgResponseBodyCollection.swift */,
				57474070210ADF2F00B24EAA /* SubmitRequestBody.swift */,
				57474071210ADF2F00B24EAA /* PositionsInternalErrorResponseBody.swift */,
				57474072210ADF2F00B24EAA /* SummaryElementResponseBody.swift */,
				57474073210ADF2F00B24EAA /* OrderResultsMsg.swift */,
				57474074210ADF2F00B24EAA /* StorePushNotifyTokenInternalErrorResponseBody.swift */,
				57474075210ADF2F00B24EAA /* AddInternalErrorResponseBody.swift */,
				57474076210ADF2F00B24EAA /* RedeemSharesRequestBody.swift */,
				57474077210ADF2F00B24EAA /* WithdrawFundsRequestBody.swift */,
				57474078210ADF2F00B24EAA /* HistoryMsgResponseBody.swift */,
				57474079210ADF2F00B24EAA /* LoadResponseBody.swift */,
				5747407A210ADF2F00B24EAA /* DepositFundsRequestBody.swift */,
				5747407B210ADF2F00B24EAA /* JWTInternalErrorResponseBody.swift */,
				5747407C210ADF2F00B24EAA /* DepositFundsInternalErrorResponseBody.swift */,
				5747407D210ADF2F00B24EAA /* CancelInternalErrorResponseBody.swift */,
				5747407E210ADF2F00B24EAA /* NewsResultsResponseBody.swift */,
			);
			path = Models;
			sourceTree = "<group>";
		};
		5760DE222102AA1B00F2207F /* Actions */ = {
			isa = PBXGroup;
			children = (
				574F25ED2125E843004BBAF3 /* ActionREADME.md */,
				574F25EF2125F8B9004BBAF3 /* SharedActionPayloads.swift */,
				57326B322107B3E500649323 /* EventEventActions.swift */,
				5760DE3C2102B3FF00F2207F /* AppModeActions.swift */,
				57326B342107B54500649323 /* FinancialActions.swift */,
				57326B432107F70300649323 /* NotificationAction.swift */,
			);
			path = Actions;
			sourceTree = "<group>";
		};
		5760DE232102AA2200F2207F /* Reducers */ = {
			isa = PBXGroup;
			children = (
				5760DE322102AE2E00F2207F /* AppReducer.swift */,
				57FD2ECF2118BBC200B93CAC /* EntityReducer.swift */,
				574F25EB2125D8BE004BBAF3 /* EventStateReducer.swift */,
				5760DE382102B24800F2207F /* PriceReducer.swift */,
				5760DE3A2102B28D00F2207F /* SettingsReducer.swift */,
				57FF68E8210631FD00789F20 /* AccountBankReducer.swift */,
				57FF68EA21063D2C00789F20 /* PortfolioReducer.swift */,
				57FF68F4210653D700789F20 /* NotificationReducer.swift */,
			);
			path = Reducers;
			sourceTree = "<group>";
		};
		5760DE242102AA2900F2207F /* State */ = {
			isa = PBXGroup;
			children = (
				5760DE302102AE1500F2207F /* AppState.swift */,
				576B14432113DA81002D03B4 /* CoreEntityRepoState.swift */,
				574642EA210660F400FBAE49 /* CurrentEventState.swift */,
				57BB90DA211900C500DA2B00 /* TeamStateMgr.swift */,
				57326B3F2107EB1700649323 /* PricesState.swift */,
				5708171B212603DA00D1E0E4 /* SettingsState.swift */,
				57326B362107BCEF00649323 /* AccountState.swift */,
				57262AA62126052A00F83CF7 /* PortfolioState.swift */,
				57262AA82126053B00F83CF7 /* NotificationState.swift */,
			);
			path = State;
			sourceTree = "<group>";
		};
		5760DE252102AA3500F2207F /* Models (dont copy) */ = {
			isa = PBXGroup;
			children = (
				57FF68EE2106448D00789F20 /* GameCollection.swift */,
				57FF68ED2106448D00789F20 /* TeamStateMarker.swift */,
				57FF68EC2106448D00789F20 /* TeamStateSingleton.swift */,
				57FF68EF2106448D00789F20 /* TeamStatus.swift */,
				5760DE272102AA5700F2207F /* Event.swift */,
				5760DE262102AA5700F2207F /* Game.swift */,
				5760DE282102AA5700F2207F /* Holding.swift */,
				5760DE292102AA5700F2207F /* Sport.swift */,
				5760DE2A2102AA5700F2207F /* Team.swift */,
				57326B412107EDD800649323 /* TickerSettings.swift */,
				57326B392107EAD900649323 /* TeamPrices.swift */,
			);
			name = "Models (dont copy)";
			path = "New Group";
			sourceTree = "<group>";
		};
		57CCE211212528BB00BDBF56 /* Models (keep) */ = {
			isa = PBXGroup;
			children = (
				57CCE212212528D100BDBF56 /* AssetKey.swift */,
			);
			path = "Models (keep)";
			sourceTree = "<group>";
		};
		57DE1DBC212365E300EC2DDB /* Protocols */ = {
			isa = PBXGroup;
			children = (
				57DE1DBD2123660000EC2DDB /* StateValueProto.swift */,
				57893EF12128EEC400B5BEE4 /* MiscDontCopy.swift */,
			);
			path = Protocols;
			sourceTree = "<group>";
		};
		888432FE1E2826A066B40CA9 /* Frameworks */ = {
			isa = PBXGroup;
			children = (
				8D885AE0E0A62155D2026F2F /* Pods_nmg_ios_redux_state.framework */,
				1215B7D7CE6F3AAC4F59EECC /* Pods_nmg_ios_redux_stateTests.framework */,
			);
			name = Frameworks;
			sourceTree = "<group>";
		};
		D7BBEA942750D4ABEF85699B /* Pods */ = {
			isa = PBXGroup;
			children = (
				54366410489DB6D2A5C01D7F /* Pods-nmg_ios_redux_state.debug.xcconfig */,
				3BAE970E1353810BC895457D /* Pods-nmg_ios_redux_state.release.xcconfig */,
				41DC36C7F871355216DFDFA5 /* Pods-nmg_ios_redux_stateTests.debug.xcconfig */,
				A77FE3E528495F39A71F1CD8 /* Pods-nmg_ios_redux_stateTests.release.xcconfig */,
			);
			name = Pods;
			sourceTree = "<group>";
		};
/* End PBXGroup section */

/* Begin PBXNativeTarget section */
		57164E462101040100F4E76F /* nmg_ios_redux_state */ = {
			isa = PBXNativeTarget;
			buildConfigurationList = 57164E592101040200F4E76F /* Build configuration list for PBXNativeTarget "nmg_ios_redux_state" */;
			buildPhases = (
				474C74DAA5E529DF4D0C5347 /* [CP] Check Pods Manifest.lock */,
				57164E432101040100F4E76F /* Sources */,
				57164E442101040100F4E76F /* Frameworks */,
				57164E452101040100F4E76F /* Resources */,
				700D7961160A065A08B09F63 /* [CP] Embed Pods Frameworks */,
			);
			buildRules = (
			);
			dependencies = (
			);
			name = nmg_ios_redux_state;
			productName = nmg_ios_redux_state;
			productReference = 57164E472101040100F4E76F /* nmg_ios_redux_state.app */;
			productType = "com.apple.product-type.application";
		};
		571B8D5D210FB23B00B5C4A7 /* nmg_ios_redux_stateTests */ = {
			isa = PBXNativeTarget;
			buildConfigurationList = 571B8D65210FB23B00B5C4A7 /* Build configuration list for PBXNativeTarget "nmg_ios_redux_stateTests" */;
			buildPhases = (
				29C213B3FB824A38E8B57F0F /* [CP] Check Pods Manifest.lock */,
				571B8D5A210FB23B00B5C4A7 /* Sources */,
				571B8D5B210FB23B00B5C4A7 /* Frameworks */,
				571B8D5C210FB23B00B5C4A7 /* Resources */,
			);
			buildRules = (
			);
			dependencies = (
				571B8D64210FB23B00B5C4A7 /* PBXTargetDependency */,
			);
			name = nmg_ios_redux_stateTests;
			productName = nmg_ios_redux_stateTests;
			productReference = 571B8D5E210FB23B00B5C4A7 /* nmg_ios_redux_stateTests.xctest */;
			productType = "com.apple.product-type.bundle.unit-test";
		};
/* End PBXNativeTarget section */

/* Begin PBXProject section */
		57164E3F2101040100F4E76F /* Project object */ = {
			isa = PBXProject;
			attributes = {
				LastSwiftUpdateCheck = 0940;
				LastUpgradeCheck = 0940;
				ORGANIZATIONNAME = "Dewey Gaedcke";
				TargetAttributes = {
					57164E462101040100F4E76F = {
						CreatedOnToolsVersion = 9.4.1;
					};
					571B8D5D210FB23B00B5C4A7 = {
						CreatedOnToolsVersion = 9.4.1;
						TestTargetID = 57164E462101040100F4E76F;
					};
				};
			};
			buildConfigurationList = 57164E422101040100F4E76F /* Build configuration list for PBXProject "nmg_ios_redux_state" */;
			compatibilityVersion = "Xcode 9.3";
			developmentRegion = en;
			hasScannedForEncodings = 0;
			knownRegions = (
				en,
				Base,
			);
			mainGroup = 57164E3E2101040100F4E76F;
			productRefGroup = 57164E482101040100F4E76F /* Products */;
			projectDirPath = "";
			projectRoot = "";
			targets = (
				57164E462101040100F4E76F /* nmg_ios_redux_state */,
				571B8D5D210FB23B00B5C4A7 /* nmg_ios_redux_stateTests */,
			);
		};
/* End PBXProject section */

/* Begin PBXResourcesBuildPhase section */
		57164E452101040100F4E76F /* Resources */ = {
			isa = PBXResourcesBuildPhase;
			buildActionMask = 2147483647;
			files = (
				57164E552101040200F4E76F /* LaunchScreen.storyboard in Resources */,
				57164E522101040200F4E76F /* Assets.xcassets in Resources */,
				57164E5D2101045400F4E76F /* Podfile in Resources */,
				57164E502101040100F4E76F /* Main.storyboard in Resources */,
			);
			runOnlyForDeploymentPostprocessing = 0;
		};
		571B8D5C210FB23B00B5C4A7 /* Resources */ = {
			isa = PBXResourcesBuildPhase;
			buildActionMask = 2147483647;
			files = (
			);
			runOnlyForDeploymentPostprocessing = 0;
		};
/* End PBXResourcesBuildPhase section */

/* Begin PBXShellScriptBuildPhase section */
		29C213B3FB824A38E8B57F0F /* [CP] Check Pods Manifest.lock */ = {
			isa = PBXShellScriptBuildPhase;
			buildActionMask = 2147483647;
			files = (
			);
			inputPaths = (
				"${PODS_PODFILE_DIR_PATH}/Podfile.lock",
				"${PODS_ROOT}/Manifest.lock",
			);
			name = "[CP] Check Pods Manifest.lock";
			outputPaths = (
				"$(DERIVED_FILE_DIR)/Pods-nmg_ios_redux_stateTests-checkManifestLockResult.txt",
			);
			runOnlyForDeploymentPostprocessing = 0;
			shellPath = /bin/sh;
			shellScript = "diff \"${PODS_PODFILE_DIR_PATH}/Podfile.lock\" \"${PODS_ROOT}/Manifest.lock\" > /dev/null\nif [ $? != 0 ] ; then\n    # print error to STDERR\n    echo \"error: The sandbox is not in sync with the Podfile.lock. Run 'pod install' or update your CocoaPods installation.\" >&2\n    exit 1\nfi\n# This output is used by Xcode 'outputs' to avoid re-running this script phase.\necho \"SUCCESS\" > \"${SCRIPT_OUTPUT_FILE_0}\"\n";
			showEnvVarsInLog = 0;
		};
		474C74DAA5E529DF4D0C5347 /* [CP] Check Pods Manifest.lock */ = {
			isa = PBXShellScriptBuildPhase;
			buildActionMask = 2147483647;
			files = (
			);
			inputPaths = (
				"${PODS_PODFILE_DIR_PATH}/Podfile.lock",
				"${PODS_ROOT}/Manifest.lock",
			);
			name = "[CP] Check Pods Manifest.lock";
			outputPaths = (
				"$(DERIVED_FILE_DIR)/Pods-nmg_ios_redux_state-checkManifestLockResult.txt",
			);
			runOnlyForDeploymentPostprocessing = 0;
			shellPath = /bin/sh;
			shellScript = "diff \"${PODS_PODFILE_DIR_PATH}/Podfile.lock\" \"${PODS_ROOT}/Manifest.lock\" > /dev/null\nif [ $? != 0 ] ; then\n    # print error to STDERR\n    echo \"error: The sandbox is not in sync with the Podfile.lock. Run 'pod install' or update your CocoaPods installation.\" >&2\n    exit 1\nfi\n# This output is used by Xcode 'outputs' to avoid re-running this script phase.\necho \"SUCCESS\" > \"${SCRIPT_OUTPUT_FILE_0}\"\n";
			showEnvVarsInLog = 0;
		};
		700D7961160A065A08B09F63 /* [CP] Embed Pods Frameworks */ = {
			isa = PBXShellScriptBuildPhase;
			buildActionMask = 2147483647;
			files = (
			);
			inputPaths = (
				"${SRCROOT}/Pods/Target Support Files/Pods-nmg_ios_redux_state/Pods-nmg_ios_redux_state-frameworks.sh",
				"${BUILT_PRODUCTS_DIR}/Alamofire/Alamofire.framework",
				"${BUILT_PRODUCTS_DIR}/GoogleToolboxForMac/GoogleToolboxForMac.framework",
				"${BUILT_PRODUCTS_DIR}/PromiseKit/PromiseKit.framework",
				"${BUILT_PRODUCTS_DIR}/ReSwift/ReSwift.framework",
				"${BUILT_PRODUCTS_DIR}/leveldb-library/leveldb.framework",
				"${BUILT_PRODUCTS_DIR}/nanopb/nanopb.framework",
			);
			name = "[CP] Embed Pods Frameworks";
			outputPaths = (
				"${TARGET_BUILD_DIR}/${FRAMEWORKS_FOLDER_PATH}/Alamofire.framework",
				"${TARGET_BUILD_DIR}/${FRAMEWORKS_FOLDER_PATH}/GoogleToolboxForMac.framework",
				"${TARGET_BUILD_DIR}/${FRAMEWORKS_FOLDER_PATH}/PromiseKit.framework",
				"${TARGET_BUILD_DIR}/${FRAMEWORKS_FOLDER_PATH}/ReSwift.framework",
				"${TARGET_BUILD_DIR}/${FRAMEWORKS_FOLDER_PATH}/leveldb.framework",
				"${TARGET_BUILD_DIR}/${FRAMEWORKS_FOLDER_PATH}/nanopb.framework",
			);
			runOnlyForDeploymentPostprocessing = 0;
			shellPath = /bin/sh;
			shellScript = "\"${SRCROOT}/Pods/Target Support Files/Pods-nmg_ios_redux_state/Pods-nmg_ios_redux_state-frameworks.sh\"\n";
			showEnvVarsInLog = 0;
		};
/* End PBXShellScriptBuildPhase section */

/* Begin PBXSourcesBuildPhase section */
		57164E432101040100F4E76F /* Sources */ = {
			isa = PBXSourcesBuildPhase;
			buildActionMask = 2147483647;
			files = (
				57893EF22128EEC400B5BEE4 /* MiscDontCopy.swift in Sources */,
				57FF68F12106448D00789F20 /* TeamStateMarker.swift in Sources */,
				57474095210ADF2F00B24EAA /* BasicResponseBody.swift in Sources */,
				57474092210ADF2F00B24EAA /* ListRequestBody.swift in Sources */,
				5760DE2C2102AA5700F2207F /* Event.swift in Sources */,
				574740BD210ADF2F00B24EAA /* NewsResultsResponseBody.swift in Sources */,
				574F25EE2125E843004BBAF3 /* ActionREADME.md in Sources */,
				574740AC210ADF2F00B24EAA /* PortfolioHoldingResultMsgResponseBody.swift in Sources */,
				574740C1210ADF2F00B24EAA /* Configuration.swift in Sources */,
				5760DE2D2102AA5700F2207F /* Holding.swift in Sources */,
				574740B8210ADF2F00B24EAA /* LoadResponseBody.swift in Sources */,
				57BB90DB211900C500DA2B00 /* TeamStateMgr.swift in Sources */,
				5747408A210ADF2F00B24EAA /* PortfolioAPI.swift in Sources */,
				5760DE2F2102AA5700F2207F /* Team.swift in Sources */,
				57474091210ADF2F00B24EAA /* AddResponseBody.swift in Sources */,
				5760DE332102AE2F00F2207F /* AppReducer.swift in Sources */,
				574740BC210ADF2F00B24EAA /* CancelInternalErrorResponseBody.swift in Sources */,
				574740B5210ADF2F00B24EAA /* RedeemSharesRequestBody.swift in Sources */,
				57474086210ADF2F00B24EAA /* AuthAPI.swift in Sources */,
				574F25F02125F8B9004BBAF3 /* SharedActionPayloads.swift in Sources */,
				574740BB210ADF2F00B24EAA /* DepositFundsInternalErrorResponseBody.swift in Sources */,
				57474089210ADF2F00B24EAA /* NewsAPI.swift in Sources */,
				57FF68F5210653D700789F20 /* NotificationReducer.swift in Sources */,
				574740BE210ADF2F00B24EAA /* Extensions.swift in Sources */,
				574740B7210ADF2F00B24EAA /* HistoryMsgResponseBody.swift in Sources */,
				57326B3C2107EAD900649323 /* TeamPrices.swift in Sources */,
				574740A2210ADF2F00B24EAA /* HistoryMsgResponseBodyCollection.swift in Sources */,
				57474099210ADF2F00B24EAA /* FundsXferScheduleRequestBody.swift in Sources */,
				574740A0210ADF2F00B24EAA /* WithdrawFundsResponseBody.swift in Sources */,
				57474083210ADF2F00B24EAA /* APIHelper.swift in Sources */,
				57FF68F22106448D00789F20 /* GameCollection.swift in Sources */,
				574740B6210ADF2F00B24EAA /* WithdrawFundsRequestBody.swift in Sources */,
				57474098210ADF2F00B24EAA /* DepositFundsResponseBody.swift in Sources */,
				574740A8210ADF2F00B24EAA /* PositionsRequestBody.swift in Sources */,
				5760DE3B2102B28D00F2207F /* SettingsReducer.swift in Sources */,
				574740A4210ADF2F00B24EAA /* RefreshInternalErrorResponseBody.swift in Sources */,
				5747409B210ADF2F00B24EAA /* SubmitResponseBody.swift in Sources */,
				57262AA72126052A00F83CF7 /* PortfolioState.swift in Sources */,
				574740C0210ADF2F00B24EAA /* Models.swift in Sources */,
				5760DE312102AE1500F2207F /* AppState.swift in Sources */,
				57164E4D2101040100F4E76F /* ViewController.swift in Sources */,
				57FD2ECE2118B71F00B93CAC /* StoreApiExtensions.swift in Sources */,
				574740A6210ADF2F00B24EAA /* BasicInternalErrorResponseBody.swift in Sources */,
				57326B402107EB1700649323 /* PricesState.swift in Sources */,
				5760DE3D2102B3FF00F2207F /* AppModeActions.swift in Sources */,
				574740B0210ADF2F00B24EAA /* PositionsInternalErrorResponseBody.swift in Sources */,
				57474097210ADF2F00B24EAA /* SummaryRequestBody.swift in Sources */,
				5747408F210ADF2F00B24EAA /* SummarymsgResponseBody.swift in Sources */,
				574740A1210ADF2F00B24EAA /* HistoryRequestBody.swift in Sources */,
				574740A3210ADF2F00B24EAA /* ListInternalErrorResponseBody.swift in Sources */,
				57326B352107B54500649323 /* FinancialActions.swift in Sources */,
				57474085210ADF2F00B24EAA /* UserAPI.swift in Sources */,
				574642EB210660F400FBAE49 /* CurrentEventState.swift in Sources */,
				57DE1DBE2123660000EC2DDB /* StateValueProto.swift in Sources */,
				5747408C210ADF2F00B24EAA /* CodableHelper.swift in Sources */,
				57326B422107EDD800649323 /* TickerSettings.swift in Sources */,
				57893EF02128EB6100B5BEE4 /* GameViewModel.swift in Sources */,
				5747408D210ADF2F00B24EAA /* JSONEncodableEncoding.swift in Sources */,
				57326B372107BCEF00649323 /* AccountState.swift in Sources */,
				57474090210ADF2F00B24EAA /* DeleteInternalErrorResponseBody.swift in Sources */,
				5747409A210ADF2F00B24EAA /* SubmitInternalErrorResponseBody.swift in Sources */,
				574740BA210ADF2F00B24EAA /* JWTInternalErrorResponseBody.swift in Sources */,
				57CCE213212528D100BDBF56 /* AssetKey.swift in Sources */,
				57474096210ADF2F00B24EAA /* PortfolioHoldingResultMsgResponseBodyCollection.swift in Sources */,
				574740B4210ADF2F00B24EAA /* AddInternalErrorResponseBody.swift in Sources */,
				574740A5210ADF2F00B24EAA /* NewsResultsResponseBodyCollection.swift in Sources */,
				57262AA92126053B00F83CF7 /* NotificationState.swift in Sources */,
				574740AB210ADF2F00B24EAA /* HistoryInternalErrorResponseBody.swift in Sources */,
				57FF68EB21063D2C00789F20 /* PortfolioReducer.swift in Sources */,
				5747409D210ADF2F00B24EAA /* RedeemSharesInternalErrorResponseBody.swift in Sources */,
				5747409F210ADF2F00B24EAA /* SummaryInternalErrorResponseBody.swift in Sources */,
				5708171C212603DA00D1E0E4 /* SettingsState.swift in Sources */,
				57474094210ADF2F00B24EAA /* AddRequestBody.swift in Sources */,
				57474093210ADF2F00B24EAA /* WithdrawFundsInternalErrorResponseBody.swift in Sources */,
				57FD2ED02118BBC200B93CAC /* EntityReducer.swift in Sources */,
				57FF68E9210631FD00789F20 /* AccountBankReducer.swift in Sources */,
				57326B332107B3E500649323 /* EventEventActions.swift in Sources */,
				5760DE2B2102AA5700F2207F /* Game.swift in Sources */,
				574F25EC2125D8BE004BBAF3 /* EventStateReducer.swift in Sources */,
				57326B442107F70300649323 /* NotificationAction.swift in Sources */,
				574740B9210ADF2F00B24EAA /* DepositFundsRequestBody.swift in Sources */,
				574740A9210ADF2F00B24EAA /* UpdateInternalErrorResponseBody.swift in Sources */,
				574740AD210ADF2F00B24EAA /* LoadInternalErrorResponseBody.swift in Sources */,
				574740A7210ADF2F00B24EAA /* ListResponseBody.swift in Sources */,
				57FF68F32106448D00789F20 /* TeamStatus.swift in Sources */,
				57474087210ADF2F00B24EAA /* PrefsAPI.swift in Sources */,
				574740AE210ADF2F00B24EAA /* SummarymsgResponseBodyCollection.swift in Sources */,
				574740B1210ADF2F00B24EAA /* SummaryElementResponseBody.swift in Sources */,
				57474088210ADF2F00B24EAA /* AccountAPI.swift in Sources */,
				576B14442113DA81002D03B4 /* CoreEntityRepoState.swift in Sources */,
				574740AA210ADF2F00B24EAA /* CancelRequestBody.swift in Sources */,
				574740AF210ADF2F00B24EAA /* SubmitRequestBody.swift in Sources */,
				5760DE2E2102AA5700F2207F /* Sport.swift in Sources */,
				57474084210ADF2F00B24EAA /* AlamofireImplementations.swift in Sources */,
				5747409C210ADF2F00B24EAA /* UpdateRequestBody.swift in Sources */,
				5760DE392102B24800F2207F /* PriceReducer.swift in Sources */,
				5747408B210ADF2F00B24EAA /* OrdersAPI.swift in Sources */,
				574740BF210ADF2F00B24EAA /* JSONEncodingHelper.swift in Sources */,
				574740B2210ADF2F00B24EAA /* OrderResultsMsg.swift in Sources */,
				57FF68F02106448D00789F20 /* TeamStateSingleton.swift in Sources */,
				57326B4C21097E0A00649323 /* RDXTypeAliases.swift in Sources */,
				5747408E210ADF2F00B24EAA /* APIs.swift in Sources */,
				574740B3210ADF2F00B24EAA /* StorePushNotifyTokenInternalErrorResponseBody.swift in Sources */,
				5747409E210ADF2F00B24EAA /* RefreshResponseBody.swift in Sources */,
				57164E4B2101040100F4E76F /* AppDelegate.swift in Sources */,
			);
			runOnlyForDeploymentPostprocessing = 0;
		};
		571B8D5A210FB23B00B5C4A7 /* Sources */ = {
			isa = PBXSourcesBuildPhase;
			buildActionMask = 2147483647;
			files = (
				571B8D61210FB23B00B5C4A7 /* nmg_ios_redux_stateTests.swift in Sources */,
			);
			runOnlyForDeploymentPostprocessing = 0;
		};
/* End PBXSourcesBuildPhase section */

/* Begin PBXTargetDependency section */
		571B8D64210FB23B00B5C4A7 /* PBXTargetDependency */ = {
			isa = PBXTargetDependency;
			target = 57164E462101040100F4E76F /* nmg_ios_redux_state */;
			targetProxy = 571B8D63210FB23B00B5C4A7 /* PBXContainerItemProxy */;
		};
/* End PBXTargetDependency section */

/* Begin PBXVariantGroup section */
		57164E4E2101040100F4E76F /* Main.storyboard */ = {
			isa = PBXVariantGroup;
			children = (
				57164E4F2101040100F4E76F /* Base */,
			);
			name = Main.storyboard;
			sourceTree = "<group>";
		};
		57164E532101040200F4E76F /* LaunchScreen.storyboard */ = {
			isa = PBXVariantGroup;
			children = (
				57164E542101040200F4E76F /* Base */,
			);
			name = LaunchScreen.storyboard;
			sourceTree = "<group>";
		};
/* End PBXVariantGroup section */

/* Begin XCBuildConfiguration section */
		57164E572101040200F4E76F /* Debug */ = {
			isa = XCBuildConfiguration;
			buildSettings = {
				ALWAYS_SEARCH_USER_PATHS = NO;
				CLANG_ANALYZER_NONNULL = YES;
				CLANG_ANALYZER_NUMBER_OBJECT_CONVERSION = YES_AGGRESSIVE;
				CLANG_CXX_LANGUAGE_STANDARD = "gnu++14";
				CLANG_CXX_LIBRARY = "libc++";
				CLANG_ENABLE_MODULES = YES;
				CLANG_ENABLE_OBJC_ARC = YES;
				CLANG_ENABLE_OBJC_WEAK = YES;
				CLANG_WARN_BLOCK_CAPTURE_AUTORELEASING = YES;
				CLANG_WARN_BOOL_CONVERSION = YES;
				CLANG_WARN_COMMA = YES;
				CLANG_WARN_CONSTANT_CONVERSION = YES;
				CLANG_WARN_DEPRECATED_OBJC_IMPLEMENTATIONS = YES;
				CLANG_WARN_DIRECT_OBJC_ISA_USAGE = YES_ERROR;
				CLANG_WARN_DOCUMENTATION_COMMENTS = YES;
				CLANG_WARN_EMPTY_BODY = YES;
				CLANG_WARN_ENUM_CONVERSION = YES;
				CLANG_WARN_INFINITE_RECURSION = YES;
				CLANG_WARN_INT_CONVERSION = YES;
				CLANG_WARN_NON_LITERAL_NULL_CONVERSION = YES;
				CLANG_WARN_OBJC_IMPLICIT_RETAIN_SELF = YES;
				CLANG_WARN_OBJC_LITERAL_CONVERSION = YES;
				CLANG_WARN_OBJC_ROOT_CLASS = YES_ERROR;
				CLANG_WARN_RANGE_LOOP_ANALYSIS = YES;
				CLANG_WARN_STRICT_PROTOTYPES = YES;
				CLANG_WARN_SUSPICIOUS_MOVE = YES;
				CLANG_WARN_UNGUARDED_AVAILABILITY = YES_AGGRESSIVE;
				CLANG_WARN_UNREACHABLE_CODE = YES;
				CLANG_WARN__DUPLICATE_METHOD_MATCH = YES;
				CODE_SIGN_IDENTITY = "iPhone Developer";
				COPY_PHASE_STRIP = NO;
				DEBUG_INFORMATION_FORMAT = dwarf;
				ENABLE_STRICT_OBJC_MSGSEND = YES;
				ENABLE_TESTABILITY = YES;
				GCC_C_LANGUAGE_STANDARD = gnu11;
				GCC_DYNAMIC_NO_PIC = NO;
				GCC_NO_COMMON_BLOCKS = YES;
				GCC_OPTIMIZATION_LEVEL = 0;
				GCC_PREPROCESSOR_DEFINITIONS = (
					"DEBUG=1",
					"$(inherited)",
				);
				GCC_WARN_64_TO_32_BIT_CONVERSION = YES;
				GCC_WARN_ABOUT_RETURN_TYPE = YES_ERROR;
				GCC_WARN_UNDECLARED_SELECTOR = YES;
				GCC_WARN_UNINITIALIZED_AUTOS = YES_AGGRESSIVE;
				GCC_WARN_UNUSED_FUNCTION = YES;
				GCC_WARN_UNUSED_VARIABLE = YES;
				IPHONEOS_DEPLOYMENT_TARGET = 11.4;
				MTL_ENABLE_DEBUG_INFO = YES;
				ONLY_ACTIVE_ARCH = YES;
				SDKROOT = iphoneos;
				SWIFT_ACTIVE_COMPILATION_CONDITIONS = DEBUG;
				SWIFT_OPTIMIZATION_LEVEL = "-Onone";
			};
			name = Debug;
		};
		57164E582101040200F4E76F /* Release */ = {
			isa = XCBuildConfiguration;
			buildSettings = {
				ALWAYS_SEARCH_USER_PATHS = NO;
				CLANG_ANALYZER_NONNULL = YES;
				CLANG_ANALYZER_NUMBER_OBJECT_CONVERSION = YES_AGGRESSIVE;
				CLANG_CXX_LANGUAGE_STANDARD = "gnu++14";
				CLANG_CXX_LIBRARY = "libc++";
				CLANG_ENABLE_MODULES = YES;
				CLANG_ENABLE_OBJC_ARC = YES;
				CLANG_ENABLE_OBJC_WEAK = YES;
				CLANG_WARN_BLOCK_CAPTURE_AUTORELEASING = YES;
				CLANG_WARN_BOOL_CONVERSION = YES;
				CLANG_WARN_COMMA = YES;
				CLANG_WARN_CONSTANT_CONVERSION = YES;
				CLANG_WARN_DEPRECATED_OBJC_IMPLEMENTATIONS = YES;
				CLANG_WARN_DIRECT_OBJC_ISA_USAGE = YES_ERROR;
				CLANG_WARN_DOCUMENTATION_COMMENTS = YES;
				CLANG_WARN_EMPTY_BODY = YES;
				CLANG_WARN_ENUM_CONVERSION = YES;
				CLANG_WARN_INFINITE_RECURSION = YES;
				CLANG_WARN_INT_CONVERSION = YES;
				CLANG_WARN_NON_LITERAL_NULL_CONVERSION = YES;
				CLANG_WARN_OBJC_IMPLICIT_RETAIN_SELF = YES;
				CLANG_WARN_OBJC_LITERAL_CONVERSION = YES;
				CLANG_WARN_OBJC_ROOT_CLASS = YES_ERROR;
				CLANG_WARN_RANGE_LOOP_ANALYSIS = YES;
				CLANG_WARN_STRICT_PROTOTYPES = YES;
				CLANG_WARN_SUSPICIOUS_MOVE = YES;
				CLANG_WARN_UNGUARDED_AVAILABILITY = YES_AGGRESSIVE;
				CLANG_WARN_UNREACHABLE_CODE = YES;
				CLANG_WARN__DUPLICATE_METHOD_MATCH = YES;
				CODE_SIGN_IDENTITY = "iPhone Developer";
				COPY_PHASE_STRIP = NO;
				DEBUG_INFORMATION_FORMAT = "dwarf-with-dsym";
				ENABLE_NS_ASSERTIONS = NO;
				ENABLE_STRICT_OBJC_MSGSEND = YES;
				GCC_C_LANGUAGE_STANDARD = gnu11;
				GCC_NO_COMMON_BLOCKS = YES;
				GCC_WARN_64_TO_32_BIT_CONVERSION = YES;
				GCC_WARN_ABOUT_RETURN_TYPE = YES_ERROR;
				GCC_WARN_UNDECLARED_SELECTOR = YES;
				GCC_WARN_UNINITIALIZED_AUTOS = YES_AGGRESSIVE;
				GCC_WARN_UNUSED_FUNCTION = YES;
				GCC_WARN_UNUSED_VARIABLE = YES;
				IPHONEOS_DEPLOYMENT_TARGET = 11.4;
				MTL_ENABLE_DEBUG_INFO = NO;
				SDKROOT = iphoneos;
				SWIFT_COMPILATION_MODE = wholemodule;
				SWIFT_OPTIMIZATION_LEVEL = "-O";
				VALIDATE_PRODUCT = YES;
			};
			name = Release;
		};
		57164E5A2101040200F4E76F /* Debug */ = {
			isa = XCBuildConfiguration;
			baseConfigurationReference = 54366410489DB6D2A5C01D7F /* Pods-nmg_ios_redux_state.debug.xcconfig */;
			buildSettings = {
				ASSETCATALOG_COMPILER_APPICON_NAME = AppIcon;
				CODE_SIGN_STYLE = Automatic;
				DEVELOPMENT_TEAM = A48B6SCJ2L;
				INFOPLIST_FILE = nmg_ios_redux_state/Info.plist;
				LD_RUNPATH_SEARCH_PATHS = (
					"$(inherited)",
					"@executable_path/Frameworks",
				);
				PRODUCT_BUNDLE_IDENTIFIER = "com.pathoz.touchstone.nmg-ios-redux-state";
				PRODUCT_NAME = "$(TARGET_NAME)";
				SWIFT_VERSION = 4.0;
				TARGETED_DEVICE_FAMILY = "1,2";
			};
			name = Debug;
		};
		57164E5B2101040200F4E76F /* Release */ = {
			isa = XCBuildConfiguration;
			baseConfigurationReference = 3BAE970E1353810BC895457D /* Pods-nmg_ios_redux_state.release.xcconfig */;
			buildSettings = {
				ASSETCATALOG_COMPILER_APPICON_NAME = AppIcon;
				CODE_SIGN_STYLE = Automatic;
				DEVELOPMENT_TEAM = A48B6SCJ2L;
				INFOPLIST_FILE = nmg_ios_redux_state/Info.plist;
				LD_RUNPATH_SEARCH_PATHS = (
					"$(inherited)",
					"@executable_path/Frameworks",
				);
				PRODUCT_BUNDLE_IDENTIFIER = "com.pathoz.touchstone.nmg-ios-redux-state";
				PRODUCT_NAME = "$(TARGET_NAME)";
				SWIFT_VERSION = 4.0;
				TARGETED_DEVICE_FAMILY = "1,2";
			};
			name = Release;
		};
		571B8D66210FB23B00B5C4A7 /* Debug */ = {
			isa = XCBuildConfiguration;
			baseConfigurationReference = 41DC36C7F871355216DFDFA5 /* Pods-nmg_ios_redux_stateTests.debug.xcconfig */;
			buildSettings = {
				BUNDLE_LOADER = "$(TEST_HOST)";
				CODE_SIGN_STYLE = Automatic;
				DEVELOPMENT_TEAM = A48B6SCJ2L;
				INFOPLIST_FILE = nmg_ios_redux_stateTests/Info.plist;
				LD_RUNPATH_SEARCH_PATHS = (
					"$(inherited)",
					"@executable_path/Frameworks",
					"@loader_path/Frameworks",
				);
				PRODUCT_BUNDLE_IDENTIFIER = "com.pathoz.touchstone.nmg-ios-redux-stateTests";
				PRODUCT_NAME = "$(TARGET_NAME)";
				SWIFT_VERSION = 4.0;
				TARGETED_DEVICE_FAMILY = "1,2";
				TEST_HOST = "$(BUILT_PRODUCTS_DIR)/nmg_ios_redux_state.app/nmg_ios_redux_state";
			};
			name = Debug;
		};
		571B8D67210FB23B00B5C4A7 /* Release */ = {
			isa = XCBuildConfiguration;
			baseConfigurationReference = A77FE3E528495F39A71F1CD8 /* Pods-nmg_ios_redux_stateTests.release.xcconfig */;
			buildSettings = {
				BUNDLE_LOADER = "$(TEST_HOST)";
				CODE_SIGN_STYLE = Automatic;
				DEVELOPMENT_TEAM = A48B6SCJ2L;
				INFOPLIST_FILE = nmg_ios_redux_stateTests/Info.plist;
				LD_RUNPATH_SEARCH_PATHS = (
					"$(inherited)",
					"@executable_path/Frameworks",
					"@loader_path/Frameworks",
				);
				PRODUCT_BUNDLE_IDENTIFIER = "com.pathoz.touchstone.nmg-ios-redux-stateTests";
				PRODUCT_NAME = "$(TARGET_NAME)";
				SWIFT_VERSION = 4.0;
				TARGETED_DEVICE_FAMILY = "1,2";
				TEST_HOST = "$(BUILT_PRODUCTS_DIR)/nmg_ios_redux_state.app/nmg_ios_redux_state";
			};
			name = Release;
		};
/* End XCBuildConfiguration section */

/* Begin XCConfigurationList section */
		57164E422101040100F4E76F /* Build configuration list for PBXProject "nmg_ios_redux_state" */ = {
			isa = XCConfigurationList;
			buildConfigurations = (
				57164E572101040200F4E76F /* Debug */,
				57164E582101040200F4E76F /* Release */,
			);
			defaultConfigurationIsVisible = 0;
			defaultConfigurationName = Release;
		};
		57164E592101040200F4E76F /* Build configuration list for PBXNativeTarget "nmg_ios_redux_state" */ = {
			isa = XCConfigurationList;
			buildConfigurations = (
				57164E5A2101040200F4E76F /* Debug */,
				57164E5B2101040200F4E76F /* Release */,
			);
			defaultConfigurationIsVisible = 0;
			defaultConfigurationName = Release;
		};
		571B8D65210FB23B00B5C4A7 /* Build configuration list for PBXNativeTarget "nmg_ios_redux_stateTests" */ = {
			isa = XCConfigurationList;
			buildConfigurations = (
				571B8D66210FB23B00B5C4A7 /* Debug */,
				571B8D67210FB23B00B5C4A7 /* Release */,
			);
			defaultConfigurationIsVisible = 0;
			defaultConfigurationName = Release;
		};
/* End XCConfigurationList section */
	};
	rootObject = 57164E3F2101040100F4E76F /* Project object */;
}
